// !$*UTF8*$!
{
	archiveVersion = 1;
	classes = {
	};
	objectVersion = 46;
	objects = {

/* Begin PBXBuildFile section */
		F80B0CF81874269D003E72DC /* Foundation.framework in Frameworks */ = {isa = PBXBuildFile; fileRef = F80B0CF71874269D003E72DC /* Foundation.framework */; };
		F80B0CFA1874269D003E72DC /* CoreGraphics.framework in Frameworks */ = {isa = PBXBuildFile; fileRef = F80B0CF91874269D003E72DC /* CoreGraphics.framework */; };
		F80B0CFC1874269D003E72DC /* UIKit.framework in Frameworks */ = {isa = PBXBuildFile; fileRef = F80B0CFB1874269D003E72DC /* UIKit.framework */; };
		F80B0D021874269D003E72DC /* InfoPlist.strings in Resources */ = {isa = PBXBuildFile; fileRef = F80B0D001874269D003E72DC /* InfoPlist.strings */; };
		F80B0D041874269D003E72DC /* main.m in Sources */ = {isa = PBXBuildFile; fileRef = F80B0D031874269D003E72DC /* main.m */; };
		F80B0D081874269D003E72DC /* AppDelegate.m in Sources */ = {isa = PBXBuildFile; fileRef = F80B0D071874269D003E72DC /* AppDelegate.m */; };
		F80B0D0B1874269D003E72DC /* Main_iPhone.storyboard in Resources */ = {isa = PBXBuildFile; fileRef = F80B0D091874269D003E72DC /* Main_iPhone.storyboard */; };
		F80B0D0E1874269D003E72DC /* Main_iPad.storyboard in Resources */ = {isa = PBXBuildFile; fileRef = F80B0D0C1874269D003E72DC /* Main_iPad.storyboard */; };
		F80B0D111874269D003E72DC /* ViewController.m in Sources */ = {isa = PBXBuildFile; fileRef = F80B0D101874269D003E72DC /* ViewController.m */; };
		F80B0D131874269D003E72DC /* Images.xcassets in Resources */ = {isa = PBXBuildFile; fileRef = F80B0D121874269D003E72DC /* Images.xcassets */; };
		F80B0D1A1874269D003E72DC /* XCTest.framework in Frameworks */ = {isa = PBXBuildFile; fileRef = F80B0D191874269D003E72DC /* XCTest.framework */; };
		F80B0D1B1874269D003E72DC /* Foundation.framework in Frameworks */ = {isa = PBXBuildFile; fileRef = F80B0CF71874269D003E72DC /* Foundation.framework */; };
		F80B0D1C1874269D003E72DC /* UIKit.framework in Frameworks */ = {isa = PBXBuildFile; fileRef = F80B0CFB1874269D003E72DC /* UIKit.framework */; };
		F80B0D241874269D003E72DC /* InfoPlist.strings in Resources */ = {isa = PBXBuildFile; fileRef = F80B0D221874269D003E72DC /* InfoPlist.strings */; };
		F80B0D261874269D003E72DC /* HITRenIOSClientTests.m in Sources */ = {isa = PBXBuildFile; fileRef = F80B0D251874269D003E72DC /* HITRenIOSClientTests.m */; };
		F80B0D47187426F2003E72DC /* BaseLogic.m in Sources */ = {isa = PBXBuildFile; fileRef = F80B0D30187426F2003E72DC /* BaseLogic.m */; };
		F80B0D48187426F2003E72DC /* HttpData.m in Sources */ = {isa = PBXBuildFile; fileRef = F80B0D32187426F2003E72DC /* HttpData.m */; };
		F80B0D49187426F2003E72DC /* HttpTransfer.m in Sources */ = {isa = PBXBuildFile; fileRef = F80B0D34187426F2003E72DC /* HttpTransfer.m */; };
		F80B0D4A187426F2003E72DC /* LogKit.m in Sources */ = {isa = PBXBuildFile; fileRef = F80B0D36187426F2003E72DC /* LogKit.m */; };
		F80B0D4B187426F2003E72DC /* MessageLogic.m in Sources */ = {isa = PBXBuildFile; fileRef = F80B0D38187426F2003E72DC /* MessageLogic.m */; };
		F80B0D4C187426F2003E72DC /* RelationShip.m in Sources */ = {isa = PBXBuildFile; fileRef = F80B0D3A187426F2003E72DC /* RelationShip.m */; };
		F80B0D4D187426F2003E72DC /* RelationshipLogic.m in Sources */ = {isa = PBXBuildFile; fileRef = F80B0D3C187426F2003E72DC /* RelationshipLogic.m */; };
		F80B0D4E187426F2003E72DC /* Student.m in Sources */ = {isa = PBXBuildFile; fileRef = F80B0D3E187426F2003E72DC /* Student.m */; };
		F80B0D4F187426F2003E72DC /* Teacher.m in Sources */ = {isa = PBXBuildFile; fileRef = F80B0D40187426F2003E72DC /* Teacher.m */; };
		F80B0D50187426F2003E72DC /* TestHttpTransfer.m in Sources */ = {isa = PBXBuildFile; fileRef = F80B0D42187426F2003E72DC /* TestHttpTransfer.m */; };
		F80B0D51187426F2003E72DC /* User.m in Sources */ = {isa = PBXBuildFile; fileRef = F80B0D44187426F2003E72DC /* User.m */; };
		F80B0D52187426F2003E72DC /* UserSimpleLogic.m in Sources */ = {isa = PBXBuildFile; fileRef = F80B0D46187426F2003E72DC /* UserSimpleLogic.m */; };
		F80B0D5C18744C17003E72DC /* TestUserSimpleLogic.m in Sources */ = {isa = PBXBuildFile; fileRef = F80B0D5B18744C17003E72DC /* TestUserSimpleLogic.m */; };
		F80B0D5F187452A0003E72DC /* TestMessageLogic.m in Sources */ = {isa = PBXBuildFile; fileRef = F80B0D5E187452A0003E72DC /* TestMessageLogic.m */; };
		F84B7D5E18BB3A23007FC2D5 /* CFNetwork.framework in Frameworks */ = {isa = PBXBuildFile; fileRef = F84B7D5D18BB3A23007FC2D5 /* CFNetwork.framework */; };
		F84B7D6018BB3A2C007FC2D5 /* Security.framework in Frameworks */ = {isa = PBXBuildFile; fileRef = F84B7D5F18BB3A2C007FC2D5 /* Security.framework */; };
		F84B7DC918BB3C8D007FC2D5 /* XMPPAnonymousAuthentication.m in Sources */ = {isa = PBXBuildFile; fileRef = F84B7D6518BB3C8C007FC2D5 /* XMPPAnonymousAuthentication.m */; };
		F84B7DCA18BB3C8D007FC2D5 /* XMPPDeprecatedDigestAuthentication.m in Sources */ = {isa = PBXBuildFile; fileRef = F84B7D6818BB3C8C007FC2D5 /* XMPPDeprecatedDigestAuthentication.m */; };
		F84B7DCB18BB3C8D007FC2D5 /* XMPPDeprecatedPlainAuthentication.m in Sources */ = {isa = PBXBuildFile; fileRef = F84B7D6B18BB3C8C007FC2D5 /* XMPPDeprecatedPlainAuthentication.m */; };
		F84B7DCC18BB3C8D007FC2D5 /* XMPPDigestMD5Authentication.m in Sources */ = {isa = PBXBuildFile; fileRef = F84B7D6E18BB3C8C007FC2D5 /* XMPPDigestMD5Authentication.m */; };
		F84B7DCD18BB3C8D007FC2D5 /* XMPPPlainAuthentication.m in Sources */ = {isa = PBXBuildFile; fileRef = F84B7D7118BB3C8C007FC2D5 /* XMPPPlainAuthentication.m */; };
		F84B7DCE18BB3C8D007FC2D5 /* XMPPXFacebookPlatformAuthentication.m in Sources */ = {isa = PBXBuildFile; fileRef = F84B7D7418BB3C8C007FC2D5 /* XMPPXFacebookPlatformAuthentication.m */; };
		F84B7DCF18BB3C8D007FC2D5 /* XMPPXOAuth2Google.m in Sources */ = {isa = PBXBuildFile; fileRef = F84B7D7718BB3C8C007FC2D5 /* XMPPXOAuth2Google.m */; };
		F84B7DD018BB3C8D007FC2D5 /* NSData+XMPP.m in Sources */ = {isa = PBXBuildFile; fileRef = F84B7D7B18BB3C8C007FC2D5 /* NSData+XMPP.m */; };
		F84B7DD118BB3C8D007FC2D5 /* NSNumber+XMPP.m in Sources */ = {isa = PBXBuildFile; fileRef = F84B7D7D18BB3C8C007FC2D5 /* NSNumber+XMPP.m */; };
		F84B7DD218BB3C8D007FC2D5 /* NSXMLElement+XMPP.m in Sources */ = {isa = PBXBuildFile; fileRef = F84B7D7F18BB3C8C007FC2D5 /* NSXMLElement+XMPP.m */; };
		F84B7DD318BB3C8D007FC2D5 /* XMPPElement.m in Sources */ = {isa = PBXBuildFile; fileRef = F84B7D8318BB3C8C007FC2D5 /* XMPPElement.m */; };
		F84B7DD418BB3C8D007FC2D5 /* XMPPIQ.m in Sources */ = {isa = PBXBuildFile; fileRef = F84B7D8618BB3C8C007FC2D5 /* XMPPIQ.m */; };
		F84B7DD518BB3C8D007FC2D5 /* XMPPJID.m in Sources */ = {isa = PBXBuildFile; fileRef = F84B7D8818BB3C8C007FC2D5 /* XMPPJID.m */; };
		F84B7DD618BB3C8D007FC2D5 /* XMPPMessage.m in Sources */ = {isa = PBXBuildFile; fileRef = F84B7D8B18BB3C8C007FC2D5 /* XMPPMessage.m */; };
		F84B7DD718BB3C8D007FC2D5 /* XMPPModule.m in Sources */ = {isa = PBXBuildFile; fileRef = F84B7D8D18BB3C8C007FC2D5 /* XMPPModule.m */; };
		F84B7DD818BB3C8D007FC2D5 /* XMPPParser.m in Sources */ = {isa = PBXBuildFile; fileRef = F84B7D8F18BB3C8C007FC2D5 /* XMPPParser.m */; };
		F84B7DD918BB3C8D007FC2D5 /* XMPPPresence.m in Sources */ = {isa = PBXBuildFile; fileRef = F84B7D9118BB3C8C007FC2D5 /* XMPPPresence.m */; };
		F84B7DDA18BB3C8D007FC2D5 /* XMPPStream.m in Sources */ = {isa = PBXBuildFile; fileRef = F84B7D9318BB3C8C007FC2D5 /* XMPPStream.m */; };
		F84B7DDB18BB3C8D007FC2D5 /* DDList.m in Sources */ = {isa = PBXBuildFile; fileRef = F84B7D9618BB3C8C007FC2D5 /* DDList.m */; };
		F84B7DDC18BB3C8D007FC2D5 /* GCDMulticastDelegate.m in Sources */ = {isa = PBXBuildFile; fileRef = F84B7D9818BB3C8C007FC2D5 /* GCDMulticastDelegate.m */; };
		F84B7DDD18BB3C8D007FC2D5 /* RFImageToDataTransformer.m in Sources */ = {isa = PBXBuildFile; fileRef = F84B7D9A18BB3C8C007FC2D5 /* RFImageToDataTransformer.m */; };
		F84B7DDE18BB3C8D007FC2D5 /* XMPPIDTracker.m in Sources */ = {isa = PBXBuildFile; fileRef = F84B7D9C18BB3C8C007FC2D5 /* XMPPIDTracker.m */; };
		F84B7DDF18BB3C8D007FC2D5 /* XMPPSRVResolver.m in Sources */ = {isa = PBXBuildFile; fileRef = F84B7D9E18BB3C8C007FC2D5 /* XMPPSRVResolver.m */; };
		F84B7DE018BB3C8D007FC2D5 /* XMPPStringPrep.m in Sources */ = {isa = PBXBuildFile; fileRef = F84B7DA018BB3C8C007FC2D5 /* XMPPStringPrep.m */; };
		F84B7DE118BB3C8D007FC2D5 /* GCDAsyncSocket.m in Sources */ = {isa = PBXBuildFile; fileRef = F84B7DA418BB3C8C007FC2D5 /* GCDAsyncSocket.m */; };
		F84B7DE218BB3C8D007FC2D5 /* DDAbstractDatabaseLogger.m in Sources */ = {isa = PBXBuildFile; fileRef = F84B7DA718BB3C8C007FC2D5 /* DDAbstractDatabaseLogger.m */; };
		F84B7DE318BB3C8D007FC2D5 /* DDASLLogger.m in Sources */ = {isa = PBXBuildFile; fileRef = F84B7DA918BB3C8C007FC2D5 /* DDASLLogger.m */; };
		F84B7DE418BB3C8D007FC2D5 /* DDFileLogger.m in Sources */ = {isa = PBXBuildFile; fileRef = F84B7DAB18BB3C8C007FC2D5 /* DDFileLogger.m */; };
		F84B7DE518BB3C8D007FC2D5 /* DDLog.m in Sources */ = {isa = PBXBuildFile; fileRef = F84B7DAD18BB3C8C007FC2D5 /* DDLog.m */; };
		F84B7DE618BB3C8D007FC2D5 /* DDTTYLogger.m in Sources */ = {isa = PBXBuildFile; fileRef = F84B7DAF18BB3C8C007FC2D5 /* DDTTYLogger.m */; };
		F84B7DE718BB3C8D007FC2D5 /* ContextFilterLogFormatter.m in Sources */ = {isa = PBXBuildFile; fileRef = F84B7DB218BB3C8C007FC2D5 /* ContextFilterLogFormatter.m */; };
		F84B7DE818BB3C8D007FC2D5 /* DispatchQueueLogFormatter.m in Sources */ = {isa = PBXBuildFile; fileRef = F84B7DB418BB3C8C007FC2D5 /* DispatchQueueLogFormatter.m */; };
		F84B7DE918BB3C8D007FC2D5 /* README.txt in Resources */ = {isa = PBXBuildFile; fileRef = F84B7DB518BB3C8C007FC2D5 /* README.txt */; };
		F84B7DEA18BB3C8D007FC2D5 /* NSString+DDXML.m in Sources */ = {isa = PBXBuildFile; fileRef = F84B7DBA18BB3C8D007FC2D5 /* NSString+DDXML.m */; };
		F84B7DEB18BB3C8D007FC2D5 /* DDXMLDocument.m in Sources */ = {isa = PBXBuildFile; fileRef = F84B7DBD18BB3C8D007FC2D5 /* DDXMLDocument.m */; };
		F84B7DEC18BB3C8D007FC2D5 /* DDXMLElement.m in Sources */ = {isa = PBXBuildFile; fileRef = F84B7DBF18BB3C8D007FC2D5 /* DDXMLElement.m */; };
		F84B7DED18BB3C8D007FC2D5 /* DDXMLNode.m in Sources */ = {isa = PBXBuildFile; fileRef = F84B7DC118BB3C8D007FC2D5 /* DDXMLNode.m */; };
		F84B7DF118BB3CDA007FC2D5 /* libxml2.dylib in Frameworks */ = {isa = PBXBuildFile; fileRef = F84B7DF018BB3CDA007FC2D5 /* libxml2.dylib */; };
		F84B7DF318BB3CE5007FC2D5 /* libresolv.dylib in Frameworks */ = {isa = PBXBuildFile; fileRef = F84B7DF218BB3CE5007FC2D5 /* libresolv.dylib */; };
		F84B7DFA18BB3F81007FC2D5 /* XmppConnector.m in Sources */ = {isa = PBXBuildFile; fileRef = F84B7DF918BB3F81007FC2D5 /* XmppConnector.m */; };
		F84B7DFD18BB43EB007FC2D5 /* xmppserver.plist in Resources */ = {isa = PBXBuildFile; fileRef = F84B7DFC18BB43EB007FC2D5 /* xmppserver.plist */; };
		F84B7E0318BB6942007FC2D5 /* build-libidn.sh in Resources */ = {isa = PBXBuildFile; fileRef = F84B7DFF18BB6942007FC2D5 /* build-libidn.sh */; };
		F84B7E0718BB6B6C007FC2D5 /* libidn.a in Frameworks */ = {isa = PBXBuildFile; fileRef = F84B7E0618BB6B6C007FC2D5 /* libidn.a */; };
		F8550EFF18C4C251005E51FE /* p_btm1.png in Resources */ = {isa = PBXBuildFile; fileRef = F8550EFA18C4C251005E51FE /* p_btm1.png */; };
		F8550F0018C4C251005E51FE /* p_btm2.png in Resources */ = {isa = PBXBuildFile; fileRef = F8550EFB18C4C251005E51FE /* p_btm2.png */; };
		F8550F0118C4C251005E51FE /* p_btm3.png in Resources */ = {isa = PBXBuildFile; fileRef = F8550EFC18C4C251005E51FE /* p_btm3.png */; };
		F8550F0218C4C251005E51FE /* p_btm5.png in Resources */ = {isa = PBXBuildFile; fileRef = F8550EFD18C4C251005E51FE /* p_btm5.png */; };
		F8550F0318C4C251005E51FE /* p_btm4.png in Resources */ = {isa = PBXBuildFile; fileRef = F8550EFE18C4C251005E51FE /* p_btm4.png */; };
		F88BCB2D18BB7A1F00407521 /* libsqlite3.dylib in Frameworks */ = {isa = PBXBuildFile; fileRef = F88BCB2C18BB7A1F00407521 /* libsqlite3.dylib */; };
		F88BCB3118BB7A6400407521 /* DBController.m in Sources */ = {isa = PBXBuildFile; fileRef = F88BCB3018BB7A6400407521 /* DBController.m */; };
		F88BCB3718BC79EA00407521 /* RootViewController.m in Sources */ = {isa = PBXBuildFile; fileRef = F88BCB3618BC79EA00407521 /* RootViewController.m */; };
		F88BCB3A18BC7C2800407521 /* LoginViewController.m in Sources */ = {isa = PBXBuildFile; fileRef = F88BCB3918BC7C2800407521 /* LoginViewController.m */; };
		F88BCB4218BC947F00407521 /* MainViewController.m in Sources */ = {isa = PBXBuildFile; fileRef = F88BCB4118BC947F00407521 /* MainViewController.m */; };
		F88F989418C1E910009CE742 /* BtmToolBar.m in Sources */ = {isa = PBXBuildFile; fileRef = F88F989318C1E910009CE742 /* BtmToolBar.m */; };
		F8E9685F18C5F96C00B9384B /* topbar0.png in Resources */ = {isa = PBXBuildFile; fileRef = F8E9685C18C5F96C00B9384B /* topbar0.png */; };
		F8E9686018C5F96C00B9384B /* topbar1.png in Resources */ = {isa = PBXBuildFile; fileRef = F8E9685D18C5F96C00B9384B /* topbar1.png */; };
		F8E9686118C5F96C00B9384B /* topbar2.png in Resources */ = {isa = PBXBuildFile; fileRef = F8E9685E18C5F96C00B9384B /* topbar2.png */; };
		F8E9686418C5F9B800B9384B /* TopToolBar.m in Sources */ = {isa = PBXBuildFile; fileRef = F8E9686318C5F9B800B9384B /* TopToolBar.m */; };
		F8E9686718C5FBBC00B9384B /* TestView.m in Sources */ = {isa = PBXBuildFile; fileRef = F8E9686618C5FBBC00B9384B /* TestView.m */; };
		F8E9686A18C5FC3900B9384B /* FreshNewsViewController.m in Sources */ = {isa = PBXBuildFile; fileRef = F8E9686918C5FC3900B9384B /* FreshNewsViewController.m */; };
		F8E9686D18C6DB6A00B9384B /* loginbutton0.png in Resources */ = {isa = PBXBuildFile; fileRef = F8E9686C18C6DB6A00B9384B /* loginbutton0.png */; };
		F8E9687018C6DCB500B9384B /* email.png in Resources */ = {isa = PBXBuildFile; fileRef = F8E9686F18C6DCB500B9384B /* email.png */; };
		F8E9687218C6DE4F00B9384B /* password.png in Resources */ = {isa = PBXBuildFile; fileRef = F8E9687118C6DE4F00B9384B /* password.png */; };
		F8E9687618C7055E00B9384B /* UIFunctions.m in Sources */ = {isa = PBXBuildFile; fileRef = F8E9687518C7055E00B9384B /* UIFunctions.m */; };
		F8E9687918C709CB00B9384B /* MessageViewController.m in Sources */ = {isa = PBXBuildFile; fileRef = F8E9687818C709CB00B9384B /* MessageViewController.m */; };
		F8E9687C18C70AAD00B9384B /* ToolsViewController.m in Sources */ = {isa = PBXBuildFile; fileRef = F8E9687B18C70AAD00B9384B /* ToolsViewController.m */; };
		F8E9687F18C70B0700B9384B /* CalendarViewController.m in Sources */ = {isa = PBXBuildFile; fileRef = F8E9687E18C70B0700B9384B /* CalendarViewController.m */; };
		F8E9688218C70B5700B9384B /* PersonViewController.m in Sources */ = {isa = PBXBuildFile; fileRef = F8E9688118C70B5700B9384B /* PersonViewController.m */; };
		F8FC7F4918751A0800842DC5 /* TestRelationship.m in Sources */ = {isa = PBXBuildFile; fileRef = F8FC7F4818751A0800842DC5 /* TestRelationship.m */; };
/* End PBXBuildFile section */

/* Begin PBXContainerItemProxy section */
		F80B0D1D1874269D003E72DC /* PBXContainerItemProxy */ = {
			isa = PBXContainerItemProxy;
			containerPortal = F80B0CEC1874269D003E72DC /* Project object */;
			proxyType = 1;
			remoteGlobalIDString = F80B0CF31874269D003E72DC;
			remoteInfo = HITRenIOSClient;
		};
/* End PBXContainerItemProxy section */

/* Begin PBXFileReference section */
		F80B0CF41874269D003E72DC /* HITRenIOSClient.app */ = {isa = PBXFileReference; explicitFileType = wrapper.application; includeInIndex = 0; path = HITRenIOSClient.app; sourceTree = BUILT_PRODUCTS_DIR; };
		F80B0CF71874269D003E72DC /* Foundation.framework */ = {isa = PBXFileReference; lastKnownFileType = wrapper.framework; name = Foundation.framework; path = System/Library/Frameworks/Foundation.framework; sourceTree = SDKROOT; };
		F80B0CF91874269D003E72DC /* CoreGraphics.framework */ = {isa = PBXFileReference; lastKnownFileType = wrapper.framework; name = CoreGraphics.framework; path = System/Library/Frameworks/CoreGraphics.framework; sourceTree = SDKROOT; };
		F80B0CFB1874269D003E72DC /* UIKit.framework */ = {isa = PBXFileReference; lastKnownFileType = wrapper.framework; name = UIKit.framework; path = System/Library/Frameworks/UIKit.framework; sourceTree = SDKROOT; };
		F80B0CFF1874269D003E72DC /* HITRenIOSClient-Info.plist */ = {isa = PBXFileReference; lastKnownFileType = text.plist.xml; path = "HITRenIOSClient-Info.plist"; sourceTree = "<group>"; };
		F80B0D011874269D003E72DC /* en */ = {isa = PBXFileReference; lastKnownFileType = text.plist.strings; name = en; path = en.lproj/InfoPlist.strings; sourceTree = "<group>"; };
		F80B0D031874269D003E72DC /* main.m */ = {isa = PBXFileReference; lastKnownFileType = sourcecode.c.objc; path = main.m; sourceTree = "<group>"; };
		F80B0D051874269D003E72DC /* HITRenIOSClient-Prefix.pch */ = {isa = PBXFileReference; lastKnownFileType = sourcecode.c.h; path = "HITRenIOSClient-Prefix.pch"; sourceTree = "<group>"; };
		F80B0D061874269D003E72DC /* AppDelegate.h */ = {isa = PBXFileReference; lastKnownFileType = sourcecode.c.h; path = AppDelegate.h; sourceTree = "<group>"; };
		F80B0D071874269D003E72DC /* AppDelegate.m */ = {isa = PBXFileReference; lastKnownFileType = sourcecode.c.objc; path = AppDelegate.m; sourceTree = "<group>"; };
		F80B0D0A1874269D003E72DC /* Base */ = {isa = PBXFileReference; lastKnownFileType = file.storyboard; name = Base; path = Base.lproj/Main_iPhone.storyboard; sourceTree = "<group>"; };
		F80B0D0D1874269D003E72DC /* Base */ = {isa = PBXFileReference; lastKnownFileType = file.storyboard; name = Base; path = Base.lproj/Main_iPad.storyboard; sourceTree = "<group>"; };
		F80B0D0F1874269D003E72DC /* ViewController.h */ = {isa = PBXFileReference; lastKnownFileType = sourcecode.c.h; path = ViewController.h; sourceTree = "<group>"; };
		F80B0D101874269D003E72DC /* ViewController.m */ = {isa = PBXFileReference; lastKnownFileType = sourcecode.c.objc; path = ViewController.m; sourceTree = "<group>"; };
		F80B0D121874269D003E72DC /* Images.xcassets */ = {isa = PBXFileReference; lastKnownFileType = folder.assetcatalog; path = Images.xcassets; sourceTree = "<group>"; };
		F80B0D181874269D003E72DC /* HITRenIOSClientTests.xctest */ = {isa = PBXFileReference; explicitFileType = wrapper.cfbundle; includeInIndex = 0; path = HITRenIOSClientTests.xctest; sourceTree = BUILT_PRODUCTS_DIR; };
		F80B0D191874269D003E72DC /* XCTest.framework */ = {isa = PBXFileReference; lastKnownFileType = wrapper.framework; name = XCTest.framework; path = Library/Frameworks/XCTest.framework; sourceTree = DEVELOPER_DIR; };
		F80B0D211874269D003E72DC /* HITRenIOSClientTests-Info.plist */ = {isa = PBXFileReference; lastKnownFileType = text.plist.xml; path = "HITRenIOSClientTests-Info.plist"; sourceTree = "<group>"; };
		F80B0D231874269D003E72DC /* en */ = {isa = PBXFileReference; lastKnownFileType = text.plist.strings; name = en; path = en.lproj/InfoPlist.strings; sourceTree = "<group>"; };
		F80B0D251874269D003E72DC /* HITRenIOSClientTests.m */ = {isa = PBXFileReference; lastKnownFileType = sourcecode.c.objc; path = HITRenIOSClientTests.m; sourceTree = "<group>"; };
		F80B0D2F187426F2003E72DC /* BaseLogic.h */ = {isa = PBXFileReference; fileEncoding = 4; lastKnownFileType = sourcecode.c.h; path = BaseLogic.h; sourceTree = "<group>"; };
		F80B0D30187426F2003E72DC /* BaseLogic.m */ = {isa = PBXFileReference; fileEncoding = 4; lastKnownFileType = sourcecode.c.objc; path = BaseLogic.m; sourceTree = "<group>"; };
		F80B0D31187426F2003E72DC /* HttpData.h */ = {isa = PBXFileReference; fileEncoding = 4; lastKnownFileType = sourcecode.c.h; path = HttpData.h; sourceTree = "<group>"; };
		F80B0D32187426F2003E72DC /* HttpData.m */ = {isa = PBXFileReference; fileEncoding = 4; lastKnownFileType = sourcecode.c.objc; path = HttpData.m; sourceTree = "<group>"; };
		F80B0D33187426F2003E72DC /* HttpTransfer.h */ = {isa = PBXFileReference; fileEncoding = 4; lastKnownFileType = sourcecode.c.h; path = HttpTransfer.h; sourceTree = "<group>"; };
		F80B0D34187426F2003E72DC /* HttpTransfer.m */ = {isa = PBXFileReference; fileEncoding = 4; lastKnownFileType = sourcecode.c.objc; path = HttpTransfer.m; sourceTree = "<group>"; };
		F80B0D35187426F2003E72DC /* LogKit.h */ = {isa = PBXFileReference; fileEncoding = 4; lastKnownFileType = sourcecode.c.h; path = LogKit.h; sourceTree = "<group>"; };
		F80B0D36187426F2003E72DC /* LogKit.m */ = {isa = PBXFileReference; fileEncoding = 4; lastKnownFileType = sourcecode.c.objc; path = LogKit.m; sourceTree = "<group>"; };
		F80B0D37187426F2003E72DC /* MessageLogic.h */ = {isa = PBXFileReference; fileEncoding = 4; lastKnownFileType = sourcecode.c.h; path = MessageLogic.h; sourceTree = "<group>"; };
		F80B0D38187426F2003E72DC /* MessageLogic.m */ = {isa = PBXFileReference; fileEncoding = 4; lastKnownFileType = sourcecode.c.objc; path = MessageLogic.m; sourceTree = "<group>"; };
		F80B0D39187426F2003E72DC /* RelationShip.h */ = {isa = PBXFileReference; fileEncoding = 4; lastKnownFileType = sourcecode.c.h; path = RelationShip.h; sourceTree = "<group>"; };
		F80B0D3A187426F2003E72DC /* RelationShip.m */ = {isa = PBXFileReference; fileEncoding = 4; lastKnownFileType = sourcecode.c.objc; path = RelationShip.m; sourceTree = "<group>"; };
		F80B0D3B187426F2003E72DC /* RelationshipLogic.h */ = {isa = PBXFileReference; fileEncoding = 4; lastKnownFileType = sourcecode.c.h; path = RelationshipLogic.h; sourceTree = "<group>"; };
		F80B0D3C187426F2003E72DC /* RelationshipLogic.m */ = {isa = PBXFileReference; fileEncoding = 4; lastKnownFileType = sourcecode.c.objc; path = RelationshipLogic.m; sourceTree = "<group>"; };
		F80B0D3D187426F2003E72DC /* Student.h */ = {isa = PBXFileReference; fileEncoding = 4; lastKnownFileType = sourcecode.c.h; path = Student.h; sourceTree = "<group>"; };
		F80B0D3E187426F2003E72DC /* Student.m */ = {isa = PBXFileReference; fileEncoding = 4; lastKnownFileType = sourcecode.c.objc; path = Student.m; sourceTree = "<group>"; };
		F80B0D3F187426F2003E72DC /* Teacher.h */ = {isa = PBXFileReference; fileEncoding = 4; lastKnownFileType = sourcecode.c.h; path = Teacher.h; sourceTree = "<group>"; };
		F80B0D40187426F2003E72DC /* Teacher.m */ = {isa = PBXFileReference; fileEncoding = 4; lastKnownFileType = sourcecode.c.objc; path = Teacher.m; sourceTree = "<group>"; };
		F80B0D41187426F2003E72DC /* TestHttpTransfer.h */ = {isa = PBXFileReference; fileEncoding = 4; lastKnownFileType = sourcecode.c.h; path = TestHttpTransfer.h; sourceTree = "<group>"; };
		F80B0D42187426F2003E72DC /* TestHttpTransfer.m */ = {isa = PBXFileReference; fileEncoding = 4; lastKnownFileType = sourcecode.c.objc; path = TestHttpTransfer.m; sourceTree = "<group>"; };
		F80B0D43187426F2003E72DC /* User.h */ = {isa = PBXFileReference; fileEncoding = 4; lastKnownFileType = sourcecode.c.h; path = User.h; sourceTree = "<group>"; };
		F80B0D44187426F2003E72DC /* User.m */ = {isa = PBXFileReference; fileEncoding = 4; lastKnownFileType = sourcecode.c.objc; path = User.m; sourceTree = "<group>"; };
		F80B0D45187426F2003E72DC /* UserSimpleLogic.h */ = {isa = PBXFileReference; fileEncoding = 4; lastKnownFileType = sourcecode.c.h; path = UserSimpleLogic.h; sourceTree = "<group>"; };
		F80B0D46187426F2003E72DC /* UserSimpleLogic.m */ = {isa = PBXFileReference; fileEncoding = 4; lastKnownFileType = sourcecode.c.objc; path = UserSimpleLogic.m; sourceTree = "<group>"; };
		F80B0D5A18744C17003E72DC /* TestUserSimpleLogic.h */ = {isa = PBXFileReference; fileEncoding = 4; lastKnownFileType = sourcecode.c.h; path = TestUserSimpleLogic.h; sourceTree = "<group>"; };
		F80B0D5B18744C17003E72DC /* TestUserSimpleLogic.m */ = {isa = PBXFileReference; fileEncoding = 4; lastKnownFileType = sourcecode.c.objc; path = TestUserSimpleLogic.m; sourceTree = "<group>"; };
		F80B0D5D187452A0003E72DC /* TestMessageLogic.h */ = {isa = PBXFileReference; fileEncoding = 4; lastKnownFileType = sourcecode.c.h; path = TestMessageLogic.h; sourceTree = "<group>"; };
		F80B0D5E187452A0003E72DC /* TestMessageLogic.m */ = {isa = PBXFileReference; fileEncoding = 4; lastKnownFileType = sourcecode.c.objc; path = TestMessageLogic.m; sourceTree = "<group>"; };
		F84B7D5D18BB3A23007FC2D5 /* CFNetwork.framework */ = {isa = PBXFileReference; lastKnownFileType = wrapper.framework; name = CFNetwork.framework; path = System/Library/Frameworks/CFNetwork.framework; sourceTree = SDKROOT; };
		F84B7D5F18BB3A2C007FC2D5 /* Security.framework */ = {isa = PBXFileReference; lastKnownFileType = wrapper.framework; name = Security.framework; path = System/Library/Frameworks/Security.framework; sourceTree = SDKROOT; };
		F84B7D6418BB3C8C007FC2D5 /* XMPPAnonymousAuthentication.h */ = {isa = PBXFileReference; fileEncoding = 4; lastKnownFileType = sourcecode.c.h; path = XMPPAnonymousAuthentication.h; sourceTree = "<group>"; };
		F84B7D6518BB3C8C007FC2D5 /* XMPPAnonymousAuthentication.m */ = {isa = PBXFileReference; fileEncoding = 4; lastKnownFileType = sourcecode.c.objc; path = XMPPAnonymousAuthentication.m; sourceTree = "<group>"; };
		F84B7D6718BB3C8C007FC2D5 /* XMPPDeprecatedDigestAuthentication.h */ = {isa = PBXFileReference; fileEncoding = 4; lastKnownFileType = sourcecode.c.h; path = XMPPDeprecatedDigestAuthentication.h; sourceTree = "<group>"; };
		F84B7D6818BB3C8C007FC2D5 /* XMPPDeprecatedDigestAuthentication.m */ = {isa = PBXFileReference; fileEncoding = 4; lastKnownFileType = sourcecode.c.objc; path = XMPPDeprecatedDigestAuthentication.m; sourceTree = "<group>"; };
		F84B7D6A18BB3C8C007FC2D5 /* XMPPDeprecatedPlainAuthentication.h */ = {isa = PBXFileReference; fileEncoding = 4; lastKnownFileType = sourcecode.c.h; path = XMPPDeprecatedPlainAuthentication.h; sourceTree = "<group>"; };
		F84B7D6B18BB3C8C007FC2D5 /* XMPPDeprecatedPlainAuthentication.m */ = {isa = PBXFileReference; fileEncoding = 4; lastKnownFileType = sourcecode.c.objc; path = XMPPDeprecatedPlainAuthentication.m; sourceTree = "<group>"; };
		F84B7D6D18BB3C8C007FC2D5 /* XMPPDigestMD5Authentication.h */ = {isa = PBXFileReference; fileEncoding = 4; lastKnownFileType = sourcecode.c.h; path = XMPPDigestMD5Authentication.h; sourceTree = "<group>"; };
		F84B7D6E18BB3C8C007FC2D5 /* XMPPDigestMD5Authentication.m */ = {isa = PBXFileReference; fileEncoding = 4; lastKnownFileType = sourcecode.c.objc; path = XMPPDigestMD5Authentication.m; sourceTree = "<group>"; };
		F84B7D7018BB3C8C007FC2D5 /* XMPPPlainAuthentication.h */ = {isa = PBXFileReference; fileEncoding = 4; lastKnownFileType = sourcecode.c.h; path = XMPPPlainAuthentication.h; sourceTree = "<group>"; };
		F84B7D7118BB3C8C007FC2D5 /* XMPPPlainAuthentication.m */ = {isa = PBXFileReference; fileEncoding = 4; lastKnownFileType = sourcecode.c.objc; path = XMPPPlainAuthentication.m; sourceTree = "<group>"; };
		F84B7D7318BB3C8C007FC2D5 /* XMPPXFacebookPlatformAuthentication.h */ = {isa = PBXFileReference; fileEncoding = 4; lastKnownFileType = sourcecode.c.h; path = XMPPXFacebookPlatformAuthentication.h; sourceTree = "<group>"; };
		F84B7D7418BB3C8C007FC2D5 /* XMPPXFacebookPlatformAuthentication.m */ = {isa = PBXFileReference; fileEncoding = 4; lastKnownFileType = sourcecode.c.objc; path = XMPPXFacebookPlatformAuthentication.m; sourceTree = "<group>"; };
		F84B7D7618BB3C8C007FC2D5 /* XMPPXOAuth2Google.h */ = {isa = PBXFileReference; fileEncoding = 4; lastKnownFileType = sourcecode.c.h; path = XMPPXOAuth2Google.h; sourceTree = "<group>"; };
		F84B7D7718BB3C8C007FC2D5 /* XMPPXOAuth2Google.m */ = {isa = PBXFileReference; fileEncoding = 4; lastKnownFileType = sourcecode.c.objc; path = XMPPXOAuth2Google.m; sourceTree = "<group>"; };
		F84B7D7818BB3C8C007FC2D5 /* XMPPSASLAuthentication.h */ = {isa = PBXFileReference; fileEncoding = 4; lastKnownFileType = sourcecode.c.h; path = XMPPSASLAuthentication.h; sourceTree = "<group>"; };
		F84B7D7A18BB3C8C007FC2D5 /* NSData+XMPP.h */ = {isa = PBXFileReference; fileEncoding = 4; lastKnownFileType = sourcecode.c.h; path = "NSData+XMPP.h"; sourceTree = "<group>"; };
		F84B7D7B18BB3C8C007FC2D5 /* NSData+XMPP.m */ = {isa = PBXFileReference; fileEncoding = 4; lastKnownFileType = sourcecode.c.objc; path = "NSData+XMPP.m"; sourceTree = "<group>"; };
		F84B7D7C18BB3C8C007FC2D5 /* NSNumber+XMPP.h */ = {isa = PBXFileReference; fileEncoding = 4; lastKnownFileType = sourcecode.c.h; path = "NSNumber+XMPP.h"; sourceTree = "<group>"; };
		F84B7D7D18BB3C8C007FC2D5 /* NSNumber+XMPP.m */ = {isa = PBXFileReference; fileEncoding = 4; lastKnownFileType = sourcecode.c.objc; path = "NSNumber+XMPP.m"; sourceTree = "<group>"; };
		F84B7D7E18BB3C8C007FC2D5 /* NSXMLElement+XMPP.h */ = {isa = PBXFileReference; fileEncoding = 4; lastKnownFileType = sourcecode.c.h; path = "NSXMLElement+XMPP.h"; sourceTree = "<group>"; };
		F84B7D7F18BB3C8C007FC2D5 /* NSXMLElement+XMPP.m */ = {isa = PBXFileReference; fileEncoding = 4; lastKnownFileType = sourcecode.c.objc; path = "NSXMLElement+XMPP.m"; sourceTree = "<group>"; };
		F84B7D8118BB3C8C007FC2D5 /* XMPP.h */ = {isa = PBXFileReference; fileEncoding = 4; lastKnownFileType = sourcecode.c.h; path = XMPP.h; sourceTree = "<group>"; };
		F84B7D8218BB3C8C007FC2D5 /* XMPPElement.h */ = {isa = PBXFileReference; fileEncoding = 4; lastKnownFileType = sourcecode.c.h; path = XMPPElement.h; sourceTree = "<group>"; };
		F84B7D8318BB3C8C007FC2D5 /* XMPPElement.m */ = {isa = PBXFileReference; fileEncoding = 4; lastKnownFileType = sourcecode.c.objc; path = XMPPElement.m; sourceTree = "<group>"; };
		F84B7D8418BB3C8C007FC2D5 /* XMPPInternal.h */ = {isa = PBXFileReference; fileEncoding = 4; lastKnownFileType = sourcecode.c.h; path = XMPPInternal.h; sourceTree = "<group>"; };
		F84B7D8518BB3C8C007FC2D5 /* XMPPIQ.h */ = {isa = PBXFileReference; fileEncoding = 4; lastKnownFileType = sourcecode.c.h; path = XMPPIQ.h; sourceTree = "<group>"; };
		F84B7D8618BB3C8C007FC2D5 /* XMPPIQ.m */ = {isa = PBXFileReference; fileEncoding = 4; lastKnownFileType = sourcecode.c.objc; path = XMPPIQ.m; sourceTree = "<group>"; };
		F84B7D8718BB3C8C007FC2D5 /* XMPPJID.h */ = {isa = PBXFileReference; fileEncoding = 4; lastKnownFileType = sourcecode.c.h; path = XMPPJID.h; sourceTree = "<group>"; };
		F84B7D8818BB3C8C007FC2D5 /* XMPPJID.m */ = {isa = PBXFileReference; fileEncoding = 4; lastKnownFileType = sourcecode.c.objc; path = XMPPJID.m; sourceTree = "<group>"; };
		F84B7D8918BB3C8C007FC2D5 /* XMPPLogging.h */ = {isa = PBXFileReference; fileEncoding = 4; lastKnownFileType = sourcecode.c.h; path = XMPPLogging.h; sourceTree = "<group>"; };
		F84B7D8A18BB3C8C007FC2D5 /* XMPPMessage.h */ = {isa = PBXFileReference; fileEncoding = 4; lastKnownFileType = sourcecode.c.h; path = XMPPMessage.h; sourceTree = "<group>"; };
		F84B7D8B18BB3C8C007FC2D5 /* XMPPMessage.m */ = {isa = PBXFileReference; fileEncoding = 4; lastKnownFileType = sourcecode.c.objc; path = XMPPMessage.m; sourceTree = "<group>"; };
		F84B7D8C18BB3C8C007FC2D5 /* XMPPModule.h */ = {isa = PBXFileReference; fileEncoding = 4; lastKnownFileType = sourcecode.c.h; path = XMPPModule.h; sourceTree = "<group>"; };
		F84B7D8D18BB3C8C007FC2D5 /* XMPPModule.m */ = {isa = PBXFileReference; fileEncoding = 4; lastKnownFileType = sourcecode.c.objc; path = XMPPModule.m; sourceTree = "<group>"; };
		F84B7D8E18BB3C8C007FC2D5 /* XMPPParser.h */ = {isa = PBXFileReference; fileEncoding = 4; lastKnownFileType = sourcecode.c.h; path = XMPPParser.h; sourceTree = "<group>"; };
		F84B7D8F18BB3C8C007FC2D5 /* XMPPParser.m */ = {isa = PBXFileReference; fileEncoding = 4; lastKnownFileType = sourcecode.c.objc; path = XMPPParser.m; sourceTree = "<group>"; };
		F84B7D9018BB3C8C007FC2D5 /* XMPPPresence.h */ = {isa = PBXFileReference; fileEncoding = 4; lastKnownFileType = sourcecode.c.h; path = XMPPPresence.h; sourceTree = "<group>"; };
		F84B7D9118BB3C8C007FC2D5 /* XMPPPresence.m */ = {isa = PBXFileReference; fileEncoding = 4; lastKnownFileType = sourcecode.c.objc; path = XMPPPresence.m; sourceTree = "<group>"; };
		F84B7D9218BB3C8C007FC2D5 /* XMPPStream.h */ = {isa = PBXFileReference; fileEncoding = 4; lastKnownFileType = sourcecode.c.h; path = XMPPStream.h; sourceTree = "<group>"; };
		F84B7D9318BB3C8C007FC2D5 /* XMPPStream.m */ = {isa = PBXFileReference; fileEncoding = 4; lastKnownFileType = sourcecode.c.objc; path = XMPPStream.m; sourceTree = "<group>"; };
		F84B7D9518BB3C8C007FC2D5 /* DDList.h */ = {isa = PBXFileReference; fileEncoding = 4; lastKnownFileType = sourcecode.c.h; path = DDList.h; sourceTree = "<group>"; };
		F84B7D9618BB3C8C007FC2D5 /* DDList.m */ = {isa = PBXFileReference; fileEncoding = 4; lastKnownFileType = sourcecode.c.objc; path = DDList.m; sourceTree = "<group>"; };
		F84B7D9718BB3C8C007FC2D5 /* GCDMulticastDelegate.h */ = {isa = PBXFileReference; fileEncoding = 4; lastKnownFileType = sourcecode.c.h; path = GCDMulticastDelegate.h; sourceTree = "<group>"; };
		F84B7D9818BB3C8C007FC2D5 /* GCDMulticastDelegate.m */ = {isa = PBXFileReference; fileEncoding = 4; lastKnownFileType = sourcecode.c.objc; path = GCDMulticastDelegate.m; sourceTree = "<group>"; };
		F84B7D9918BB3C8C007FC2D5 /* RFImageToDataTransformer.h */ = {isa = PBXFileReference; fileEncoding = 4; lastKnownFileType = sourcecode.c.h; path = RFImageToDataTransformer.h; sourceTree = "<group>"; };
		F84B7D9A18BB3C8C007FC2D5 /* RFImageToDataTransformer.m */ = {isa = PBXFileReference; fileEncoding = 4; lastKnownFileType = sourcecode.c.objc; path = RFImageToDataTransformer.m; sourceTree = "<group>"; };
		F84B7D9B18BB3C8C007FC2D5 /* XMPPIDTracker.h */ = {isa = PBXFileReference; fileEncoding = 4; lastKnownFileType = sourcecode.c.h; path = XMPPIDTracker.h; sourceTree = "<group>"; };
		F84B7D9C18BB3C8C007FC2D5 /* XMPPIDTracker.m */ = {isa = PBXFileReference; fileEncoding = 4; lastKnownFileType = sourcecode.c.objc; path = XMPPIDTracker.m; sourceTree = "<group>"; };
		F84B7D9D18BB3C8C007FC2D5 /* XMPPSRVResolver.h */ = {isa = PBXFileReference; fileEncoding = 4; lastKnownFileType = sourcecode.c.h; path = XMPPSRVResolver.h; sourceTree = "<group>"; };
		F84B7D9E18BB3C8C007FC2D5 /* XMPPSRVResolver.m */ = {isa = PBXFileReference; fileEncoding = 4; lastKnownFileType = sourcecode.c.objc; path = XMPPSRVResolver.m; sourceTree = "<group>"; };
		F84B7D9F18BB3C8C007FC2D5 /* XMPPStringPrep.h */ = {isa = PBXFileReference; fileEncoding = 4; lastKnownFileType = sourcecode.c.h; path = XMPPStringPrep.h; sourceTree = "<group>"; };
		F84B7DA018BB3C8C007FC2D5 /* XMPPStringPrep.m */ = {isa = PBXFileReference; fileEncoding = 4; lastKnownFileType = sourcecode.c.objc; path = XMPPStringPrep.m; sourceTree = "<group>"; };
		F84B7DA318BB3C8C007FC2D5 /* GCDAsyncSocket.h */ = {isa = PBXFileReference; fileEncoding = 4; lastKnownFileType = sourcecode.c.h; path = GCDAsyncSocket.h; sourceTree = "<group>"; };
		F84B7DA418BB3C8C007FC2D5 /* GCDAsyncSocket.m */ = {isa = PBXFileReference; fileEncoding = 4; lastKnownFileType = sourcecode.c.objc; path = GCDAsyncSocket.m; sourceTree = "<group>"; };
		F84B7DA618BB3C8C007FC2D5 /* DDAbstractDatabaseLogger.h */ = {isa = PBXFileReference; fileEncoding = 4; lastKnownFileType = sourcecode.c.h; path = DDAbstractDatabaseLogger.h; sourceTree = "<group>"; };
		F84B7DA718BB3C8C007FC2D5 /* DDAbstractDatabaseLogger.m */ = {isa = PBXFileReference; fileEncoding = 4; lastKnownFileType = sourcecode.c.objc; path = DDAbstractDatabaseLogger.m; sourceTree = "<group>"; };
		F84B7DA818BB3C8C007FC2D5 /* DDASLLogger.h */ = {isa = PBXFileReference; fileEncoding = 4; lastKnownFileType = sourcecode.c.h; path = DDASLLogger.h; sourceTree = "<group>"; };
		F84B7DA918BB3C8C007FC2D5 /* DDASLLogger.m */ = {isa = PBXFileReference; fileEncoding = 4; lastKnownFileType = sourcecode.c.objc; path = DDASLLogger.m; sourceTree = "<group>"; };
		F84B7DAA18BB3C8C007FC2D5 /* DDFileLogger.h */ = {isa = PBXFileReference; fileEncoding = 4; lastKnownFileType = sourcecode.c.h; path = DDFileLogger.h; sourceTree = "<group>"; };
		F84B7DAB18BB3C8C007FC2D5 /* DDFileLogger.m */ = {isa = PBXFileReference; fileEncoding = 4; lastKnownFileType = sourcecode.c.objc; path = DDFileLogger.m; sourceTree = "<group>"; };
		F84B7DAC18BB3C8C007FC2D5 /* DDLog.h */ = {isa = PBXFileReference; fileEncoding = 4; lastKnownFileType = sourcecode.c.h; path = DDLog.h; sourceTree = "<group>"; };
		F84B7DAD18BB3C8C007FC2D5 /* DDLog.m */ = {isa = PBXFileReference; fileEncoding = 4; lastKnownFileType = sourcecode.c.objc; path = DDLog.m; sourceTree = "<group>"; };
		F84B7DAE18BB3C8C007FC2D5 /* DDTTYLogger.h */ = {isa = PBXFileReference; fileEncoding = 4; lastKnownFileType = sourcecode.c.h; path = DDTTYLogger.h; sourceTree = "<group>"; };
		F84B7DAF18BB3C8C007FC2D5 /* DDTTYLogger.m */ = {isa = PBXFileReference; fileEncoding = 4; lastKnownFileType = sourcecode.c.objc; path = DDTTYLogger.m; sourceTree = "<group>"; };
		F84B7DB118BB3C8C007FC2D5 /* ContextFilterLogFormatter.h */ = {isa = PBXFileReference; fileEncoding = 4; lastKnownFileType = sourcecode.c.h; path = ContextFilterLogFormatter.h; sourceTree = "<group>"; };
		F84B7DB218BB3C8C007FC2D5 /* ContextFilterLogFormatter.m */ = {isa = PBXFileReference; fileEncoding = 4; lastKnownFileType = sourcecode.c.objc; path = ContextFilterLogFormatter.m; sourceTree = "<group>"; };
		F84B7DB318BB3C8C007FC2D5 /* DispatchQueueLogFormatter.h */ = {isa = PBXFileReference; fileEncoding = 4; lastKnownFileType = sourcecode.c.h; path = DispatchQueueLogFormatter.h; sourceTree = "<group>"; };
		F84B7DB418BB3C8C007FC2D5 /* DispatchQueueLogFormatter.m */ = {isa = PBXFileReference; fileEncoding = 4; lastKnownFileType = sourcecode.c.objc; path = DispatchQueueLogFormatter.m; sourceTree = "<group>"; };
		F84B7DB518BB3C8C007FC2D5 /* README.txt */ = {isa = PBXFileReference; fileEncoding = 4; lastKnownFileType = text; path = README.txt; sourceTree = "<group>"; };
		F84B7DB918BB3C8D007FC2D5 /* NSString+DDXML.h */ = {isa = PBXFileReference; fileEncoding = 4; lastKnownFileType = sourcecode.c.h; path = "NSString+DDXML.h"; sourceTree = "<group>"; };
		F84B7DBA18BB3C8D007FC2D5 /* NSString+DDXML.m */ = {isa = PBXFileReference; fileEncoding = 4; lastKnownFileType = sourcecode.c.objc; path = "NSString+DDXML.m"; sourceTree = "<group>"; };
		F84B7DBB18BB3C8D007FC2D5 /* DDXML.h */ = {isa = PBXFileReference; fileEncoding = 4; lastKnownFileType = sourcecode.c.h; path = DDXML.h; sourceTree = "<group>"; };
		F84B7DBC18BB3C8D007FC2D5 /* DDXMLDocument.h */ = {isa = PBXFileReference; fileEncoding = 4; lastKnownFileType = sourcecode.c.h; path = DDXMLDocument.h; sourceTree = "<group>"; };
		F84B7DBD18BB3C8D007FC2D5 /* DDXMLDocument.m */ = {isa = PBXFileReference; fileEncoding = 4; lastKnownFileType = sourcecode.c.objc; path = DDXMLDocument.m; sourceTree = "<group>"; };
		F84B7DBE18BB3C8D007FC2D5 /* DDXMLElement.h */ = {isa = PBXFileReference; fileEncoding = 4; lastKnownFileType = sourcecode.c.h; path = DDXMLElement.h; sourceTree = "<group>"; };
		F84B7DBF18BB3C8D007FC2D5 /* DDXMLElement.m */ = {isa = PBXFileReference; fileEncoding = 4; lastKnownFileType = sourcecode.c.objc; path = DDXMLElement.m; sourceTree = "<group>"; };
		F84B7DC018BB3C8D007FC2D5 /* DDXMLNode.h */ = {isa = PBXFileReference; fileEncoding = 4; lastKnownFileType = sourcecode.c.h; path = DDXMLNode.h; sourceTree = "<group>"; };
		F84B7DC118BB3C8D007FC2D5 /* DDXMLNode.m */ = {isa = PBXFileReference; fileEncoding = 4; lastKnownFileType = sourcecode.c.objc; path = DDXMLNode.m; sourceTree = "<group>"; };
		F84B7DC318BB3C8D007FC2D5 /* DDXMLPrivate.h */ = {isa = PBXFileReference; fileEncoding = 4; lastKnownFileType = sourcecode.c.h; path = DDXMLPrivate.h; sourceTree = "<group>"; };
		F84B7DF018BB3CDA007FC2D5 /* libxml2.dylib */ = {isa = PBXFileReference; lastKnownFileType = "compiled.mach-o.dylib"; name = libxml2.dylib; path = usr/lib/libxml2.dylib; sourceTree = SDKROOT; };
		F84B7DF218BB3CE5007FC2D5 /* libresolv.dylib */ = {isa = PBXFileReference; lastKnownFileType = "compiled.mach-o.dylib"; name = libresolv.dylib; path = usr/lib/libresolv.dylib; sourceTree = SDKROOT; };
		F84B7DF818BB3F81007FC2D5 /* XmppConnector.h */ = {isa = PBXFileReference; fileEncoding = 4; lastKnownFileType = sourcecode.c.h; path = XmppConnector.h; sourceTree = "<group>"; };
		F84B7DF918BB3F81007FC2D5 /* XmppConnector.m */ = {isa = PBXFileReference; fileEncoding = 4; lastKnownFileType = sourcecode.c.objc; path = XmppConnector.m; sourceTree = "<group>"; };
		F84B7DFC18BB43EB007FC2D5 /* xmppserver.plist */ = {isa = PBXFileReference; fileEncoding = 4; lastKnownFileType = text.plist.xml; path = xmppserver.plist; sourceTree = "<group>"; };
		F84B7DFF18BB6942007FC2D5 /* build-libidn.sh */ = {isa = PBXFileReference; fileEncoding = 4; lastKnownFileType = text.script.sh; path = "build-libidn.sh"; sourceTree = "<group>"; };
		F84B7E0018BB6942007FC2D5 /* idn-int.h */ = {isa = PBXFileReference; fileEncoding = 4; lastKnownFileType = sourcecode.c.h; path = "idn-int.h"; sourceTree = "<group>"; };
		F84B7E0118BB6942007FC2D5 /* libidn.a */ = {isa = PBXFileReference; lastKnownFileType = archive.ar; path = libidn.a; sourceTree = "<group>"; };
		F84B7E0218BB6942007FC2D5 /* stringprep.h */ = {isa = PBXFileReference; fileEncoding = 4; lastKnownFileType = sourcecode.c.h; path = stringprep.h; sourceTree = "<group>"; };
		F84B7E0518BB6A9A007FC2D5 /* Sample_XMPPFramework.h */ = {isa = PBXFileReference; lastKnownFileType = sourcecode.c.h; path = Sample_XMPPFramework.h; sourceTree = "<group>"; };
		F84B7E0618BB6B6C007FC2D5 /* libidn.a */ = {isa = PBXFileReference; lastKnownFileType = archive.ar; name = libidn.a; path = "../../../Downloads/XMPPFramework-master/Vendor/libidn/libidn.a"; sourceTree = "<group>"; };
		F8550EFA18C4C251005E51FE /* p_btm1.png */ = {isa = PBXFileReference; lastKnownFileType = image.png; path = p_btm1.png; sourceTree = "<group>"; };
		F8550EFB18C4C251005E51FE /* p_btm2.png */ = {isa = PBXFileReference; lastKnownFileType = image.png; path = p_btm2.png; sourceTree = "<group>"; };
		F8550EFC18C4C251005E51FE /* p_btm3.png */ = {isa = PBXFileReference; lastKnownFileType = image.png; path = p_btm3.png; sourceTree = "<group>"; };
		F8550EFD18C4C251005E51FE /* p_btm5.png */ = {isa = PBXFileReference; lastKnownFileType = image.png; path = p_btm5.png; sourceTree = "<group>"; };
		F8550EFE18C4C251005E51FE /* p_btm4.png */ = {isa = PBXFileReference; lastKnownFileType = image.png; path = p_btm4.png; sourceTree = "<group>"; };
		F88BCB2C18BB7A1F00407521 /* libsqlite3.dylib */ = {isa = PBXFileReference; lastKnownFileType = "compiled.mach-o.dylib"; name = libsqlite3.dylib; path = usr/lib/libsqlite3.dylib; sourceTree = SDKROOT; };
		F88BCB2F18BB7A6400407521 /* DBController.h */ = {isa = PBXFileReference; fileEncoding = 4; lastKnownFileType = sourcecode.c.h; path = DBController.h; sourceTree = "<group>"; };
		F88BCB3018BB7A6400407521 /* DBController.m */ = {isa = PBXFileReference; fileEncoding = 4; lastKnownFileType = sourcecode.c.objc; path = DBController.m; sourceTree = "<group>"; };
		F88BCB3518BC79EA00407521 /* RootViewController.h */ = {isa = PBXFileReference; fileEncoding = 4; lastKnownFileType = sourcecode.c.h; path = RootViewController.h; sourceTree = "<group>"; };
		F88BCB3618BC79EA00407521 /* RootViewController.m */ = {isa = PBXFileReference; fileEncoding = 4; lastKnownFileType = sourcecode.c.objc; path = RootViewController.m; sourceTree = "<group>"; };
		F88BCB3818BC7C2800407521 /* LoginViewController.h */ = {isa = PBXFileReference; fileEncoding = 4; lastKnownFileType = sourcecode.c.h; path = LoginViewController.h; sourceTree = "<group>"; };
		F88BCB3918BC7C2800407521 /* LoginViewController.m */ = {isa = PBXFileReference; fileEncoding = 4; lastKnownFileType = sourcecode.c.objc; path = LoginViewController.m; sourceTree = "<group>"; };
		F88BCB4018BC947F00407521 /* MainViewController.h */ = {isa = PBXFileReference; fileEncoding = 4; lastKnownFileType = sourcecode.c.h; path = MainViewController.h; sourceTree = "<group>"; };
		F88BCB4118BC947F00407521 /* MainViewController.m */ = {isa = PBXFileReference; fileEncoding = 4; lastKnownFileType = sourcecode.c.objc; path = MainViewController.m; sourceTree = "<group>"; };
		F88F989218C1E910009CE742 /* BtmToolBar.h */ = {isa = PBXFileReference; fileEncoding = 4; lastKnownFileType = sourcecode.c.h; path = BtmToolBar.h; sourceTree = "<group>"; };
		F88F989318C1E910009CE742 /* BtmToolBar.m */ = {isa = PBXFileReference; fileEncoding = 4; lastKnownFileType = sourcecode.c.objc; path = BtmToolBar.m; sourceTree = "<group>"; };
		F8E9685C18C5F96C00B9384B /* topbar0.png */ = {isa = PBXFileReference; lastKnownFileType = image.png; path = topbar0.png; sourceTree = "<group>"; };
		F8E9685D18C5F96C00B9384B /* topbar1.png */ = {isa = PBXFileReference; lastKnownFileType = image.png; path = topbar1.png; sourceTree = "<group>"; };
		F8E9685E18C5F96C00B9384B /* topbar2.png */ = {isa = PBXFileReference; lastKnownFileType = image.png; path = topbar2.png; sourceTree = "<group>"; };
		F8E9686218C5F9B800B9384B /* TopToolBar.h */ = {isa = PBXFileReference; fileEncoding = 4; lastKnownFileType = sourcecode.c.h; path = TopToolBar.h; sourceTree = "<group>"; };
		F8E9686318C5F9B800B9384B /* TopToolBar.m */ = {isa = PBXFileReference; fileEncoding = 4; lastKnownFileType = sourcecode.c.objc; path = TopToolBar.m; sourceTree = "<group>"; };
		F8E9686518C5FBBC00B9384B /* TestView.h */ = {isa = PBXFileReference; fileEncoding = 4; lastKnownFileType = sourcecode.c.h; path = TestView.h; sourceTree = "<group>"; };
		F8E9686618C5FBBC00B9384B /* TestView.m */ = {isa = PBXFileReference; fileEncoding = 4; lastKnownFileType = sourcecode.c.objc; path = TestView.m; sourceTree = "<group>"; };
		F8E9686818C5FC3900B9384B /* FreshNewsViewController.h */ = {isa = PBXFileReference; fileEncoding = 4; lastKnownFileType = sourcecode.c.h; path = FreshNewsViewController.h; sourceTree = "<group>"; };
		F8E9686918C5FC3900B9384B /* FreshNewsViewController.m */ = {isa = PBXFileReference; fileEncoding = 4; lastKnownFileType = sourcecode.c.objc; path = FreshNewsViewController.m; sourceTree = "<group>"; };
		F8E9686C18C6DB6A00B9384B /* loginbutton0.png */ = {isa = PBXFileReference; lastKnownFileType = image.png; path = loginbutton0.png; sourceTree = "<group>"; };
		F8E9686F18C6DCB500B9384B /* email.png */ = {isa = PBXFileReference; lastKnownFileType = image.png; path = email.png; sourceTree = "<group>"; };
		F8E9687118C6DE4F00B9384B /* password.png */ = {isa = PBXFileReference; lastKnownFileType = image.png; path = password.png; sourceTree = "<group>"; };
		F8E9687418C7055E00B9384B /* UIFunctions.h */ = {isa = PBXFileReference; fileEncoding = 4; lastKnownFileType = sourcecode.c.h; path = UIFunctions.h; sourceTree = "<group>"; };
		F8E9687518C7055E00B9384B /* UIFunctions.m */ = {isa = PBXFileReference; fileEncoding = 4; lastKnownFileType = sourcecode.c.objc; path = UIFunctions.m; sourceTree = "<group>"; };
		F8E9687718C709CB00B9384B /* MessageViewController.h */ = {isa = PBXFileReference; fileEncoding = 4; lastKnownFileType = sourcecode.c.h; path = MessageViewController.h; sourceTree = "<group>"; };
		F8E9687818C709CB00B9384B /* MessageViewController.m */ = {isa = PBXFileReference; fileEncoding = 4; lastKnownFileType = sourcecode.c.objc; path = MessageViewController.m; sourceTree = "<group>"; };
		F8E9687A18C70AAD00B9384B /* ToolsViewController.h */ = {isa = PBXFileReference; fileEncoding = 4; lastKnownFileType = sourcecode.c.h; path = ToolsViewController.h; sourceTree = "<group>"; };
		F8E9687B18C70AAD00B9384B /* ToolsViewController.m */ = {isa = PBXFileReference; fileEncoding = 4; lastKnownFileType = sourcecode.c.objc; path = ToolsViewController.m; sourceTree = "<group>"; };
		F8E9687D18C70B0700B9384B /* CalendarViewController.h */ = {isa = PBXFileReference; fileEncoding = 4; lastKnownFileType = sourcecode.c.h; path = CalendarViewController.h; sourceTree = "<group>"; };
		F8E9687E18C70B0700B9384B /* CalendarViewController.m */ = {isa = PBXFileReference; fileEncoding = 4; lastKnownFileType = sourcecode.c.objc; path = CalendarViewController.m; sourceTree = "<group>"; };
		F8E9688018C70B5700B9384B /* PersonViewController.h */ = {isa = PBXFileReference; fileEncoding = 4; lastKnownFileType = sourcecode.c.h; path = PersonViewController.h; sourceTree = "<group>"; };
		F8E9688118C70B5700B9384B /* PersonViewController.m */ = {isa = PBXFileReference; fileEncoding = 4; lastKnownFileType = sourcecode.c.objc; path = PersonViewController.m; sourceTree = "<group>"; };
		F8FC7F4718751A0800842DC5 /* TestRelationship.h */ = {isa = PBXFileReference; fileEncoding = 4; lastKnownFileType = sourcecode.c.h; path = TestRelationship.h; sourceTree = "<group>"; };
		F8FC7F4818751A0800842DC5 /* TestRelationship.m */ = {isa = PBXFileReference; fileEncoding = 4; lastKnownFileType = sourcecode.c.objc; path = TestRelationship.m; sourceTree = "<group>"; };
/* End PBXFileReference section */

/* Begin PBXFrameworksBuildPhase section */
		F80B0CF11874269D003E72DC /* Frameworks */ = {
			isa = PBXFrameworksBuildPhase;
			buildActionMask = 2147483647;
			files = (
				F88BCB2D18BB7A1F00407521 /* libsqlite3.dylib in Frameworks */,
				F84B7E0718BB6B6C007FC2D5 /* libidn.a in Frameworks */,
				F84B7DF318BB3CE5007FC2D5 /* libresolv.dylib in Frameworks */,
				F84B7DF118BB3CDA007FC2D5 /* libxml2.dylib in Frameworks */,
				F84B7D6018BB3A2C007FC2D5 /* Security.framework in Frameworks */,
				F84B7D5E18BB3A23007FC2D5 /* CFNetwork.framework in Frameworks */,
				F80B0CFA1874269D003E72DC /* CoreGraphics.framework in Frameworks */,
				F80B0CFC1874269D003E72DC /* UIKit.framework in Frameworks */,
				F80B0CF81874269D003E72DC /* Foundation.framework in Frameworks */,
			);
			runOnlyForDeploymentPostprocessing = 0;
		};
		F80B0D151874269D003E72DC /* Frameworks */ = {
			isa = PBXFrameworksBuildPhase;
			buildActionMask = 2147483647;
			files = (
				F80B0D1A1874269D003E72DC /* XCTest.framework in Frameworks */,
				F80B0D1C1874269D003E72DC /* UIKit.framework in Frameworks */,
				F80B0D1B1874269D003E72DC /* Foundation.framework in Frameworks */,
			);
			runOnlyForDeploymentPostprocessing = 0;
		};
/* End PBXFrameworksBuildPhase section */

/* Begin PBXGroup section */
		F80B0CEB1874269D003E72DC = {
			isa = PBXGroup;
			children = (
				F80B0CFD1874269D003E72DC /* HITRenIOSClient */,
				F80B0D1F1874269D003E72DC /* HITRenIOSClientTests */,
				F80B0CF61874269D003E72DC /* Frameworks */,
				F80B0CF51874269D003E72DC /* Products */,
			);
			sourceTree = "<group>";
		};
		F80B0CF51874269D003E72DC /* Products */ = {
			isa = PBXGroup;
			children = (
				F80B0CF41874269D003E72DC /* HITRenIOSClient.app */,
				F80B0D181874269D003E72DC /* HITRenIOSClientTests.xctest */,
			);
			name = Products;
			sourceTree = "<group>";
		};
		F80B0CF61874269D003E72DC /* Frameworks */ = {
			isa = PBXGroup;
			children = (
				F88BCB2C18BB7A1F00407521 /* libsqlite3.dylib */,
				F84B7E0618BB6B6C007FC2D5 /* libidn.a */,
				F84B7DF218BB3CE5007FC2D5 /* libresolv.dylib */,
				F84B7DF018BB3CDA007FC2D5 /* libxml2.dylib */,
				F84B7D5F18BB3A2C007FC2D5 /* Security.framework */,
				F84B7D5D18BB3A23007FC2D5 /* CFNetwork.framework */,
				F80B0CF71874269D003E72DC /* Foundation.framework */,
				F80B0CF91874269D003E72DC /* CoreGraphics.framework */,
				F80B0CFB1874269D003E72DC /* UIKit.framework */,
				F80B0D191874269D003E72DC /* XCTest.framework */,
			);
			name = Frameworks;
			sourceTree = "<group>";
		};
		F80B0CFD1874269D003E72DC /* HITRenIOSClient */ = {
			isa = PBXGroup;
			children = (
				F88F989018C1E838009CE742 /* UI */,
				F88BCB2E18BB7A4100407521 /* data */,
				F84B7DFB18BB43AB007FC2D5 /* conf */,
				F84B7D6118BB3C6A007FC2D5 /* XMPPFramework */,
				F80B0D5818742830003E72DC /* TestCode */,
				F80B0D561874278A003E72DC /* Network */,
				F80B0D551874276C003E72DC /* Kit */,
				F80B0D5418742743003E72DC /* Model */,
				F80B0D531874270F003E72DC /* LogicController */,
				F80B0D061874269D003E72DC /* AppDelegate.h */,
				F80B0D071874269D003E72DC /* AppDelegate.m */,
				F80B0D091874269D003E72DC /* Main_iPhone.storyboard */,
				F80B0D0C1874269D003E72DC /* Main_iPad.storyboard */,
				F80B0D121874269D003E72DC /* Images.xcassets */,
				F80B0CFE1874269D003E72DC /* Supporting Files */,
			);
			path = HITRenIOSClient;
			sourceTree = "<group>";
		};
		F80B0CFE1874269D003E72DC /* Supporting Files */ = {
			isa = PBXGroup;
			children = (
				F80B0CFF1874269D003E72DC /* HITRenIOSClient-Info.plist */,
				F80B0D001874269D003E72DC /* InfoPlist.strings */,
				F80B0D031874269D003E72DC /* main.m */,
				F80B0D051874269D003E72DC /* HITRenIOSClient-Prefix.pch */,
			);
			name = "Supporting Files";
			sourceTree = "<group>";
		};
		F80B0D1F1874269D003E72DC /* HITRenIOSClientTests */ = {
			isa = PBXGroup;
			children = (
				F80B0D251874269D003E72DC /* HITRenIOSClientTests.m */,
				F80B0D201874269D003E72DC /* Supporting Files */,
			);
			path = HITRenIOSClientTests;
			sourceTree = "<group>";
		};
		F80B0D201874269D003E72DC /* Supporting Files */ = {
			isa = PBXGroup;
			children = (
				F80B0D211874269D003E72DC /* HITRenIOSClientTests-Info.plist */,
				F80B0D221874269D003E72DC /* InfoPlist.strings */,
			);
			name = "Supporting Files";
			sourceTree = "<group>";
		};
		F80B0D531874270F003E72DC /* LogicController */ = {
			isa = PBXGroup;
			children = (
				F80B0D2F187426F2003E72DC /* BaseLogic.h */,
				F80B0D30187426F2003E72DC /* BaseLogic.m */,
				F80B0D37187426F2003E72DC /* MessageLogic.h */,
				F80B0D38187426F2003E72DC /* MessageLogic.m */,
				F80B0D3B187426F2003E72DC /* RelationshipLogic.h */,
				F80B0D3C187426F2003E72DC /* RelationshipLogic.m */,
				F80B0D45187426F2003E72DC /* UserSimpleLogic.h */,
				F80B0D46187426F2003E72DC /* UserSimpleLogic.m */,
			);
			name = LogicController;
			sourceTree = "<group>";
		};
		F80B0D5418742743003E72DC /* Model */ = {
			isa = PBXGroup;
			children = (
				F80B0D3D187426F2003E72DC /* Student.h */,
				F80B0D3E187426F2003E72DC /* Student.m */,
				F80B0D3F187426F2003E72DC /* Teacher.h */,
				F80B0D40187426F2003E72DC /* Teacher.m */,
				F80B0D43187426F2003E72DC /* User.h */,
				F80B0D44187426F2003E72DC /* User.m */,
				F80B0D39187426F2003E72DC /* RelationShip.h */,
				F80B0D3A187426F2003E72DC /* RelationShip.m */,
			);
			name = Model;
			sourceTree = "<group>";
		};
		F80B0D551874276C003E72DC /* Kit */ = {
			isa = PBXGroup;
			children = (
				F80B0D35187426F2003E72DC /* LogKit.h */,
				F80B0D36187426F2003E72DC /* LogKit.m */,
			);
			name = Kit;
			sourceTree = "<group>";
		};
		F80B0D561874278A003E72DC /* Network */ = {
			isa = PBXGroup;
			children = (
				F84B7DF718BB3F5E007FC2D5 /* xmpp */,
				F84B7DF618BB3F50007FC2D5 /* http */,
			);
			name = Network;
			sourceTree = "<group>";
		};
		F80B0D5718742814003E72DC /* ViewController */ = {
			isa = PBXGroup;
			children = (
				F80B0D0F1874269D003E72DC /* ViewController.h */,
				F80B0D101874269D003E72DC /* ViewController.m */,
				F88BCB3518BC79EA00407521 /* RootViewController.h */,
				F88BCB3618BC79EA00407521 /* RootViewController.m */,
				F88BCB3818BC7C2800407521 /* LoginViewController.h */,
				F88BCB3918BC7C2800407521 /* LoginViewController.m */,
				F88BCB4018BC947F00407521 /* MainViewController.h */,
				F88BCB4118BC947F00407521 /* MainViewController.m */,
				F8E9686818C5FC3900B9384B /* FreshNewsViewController.h */,
				F8E9686918C5FC3900B9384B /* FreshNewsViewController.m */,
				F8E9687718C709CB00B9384B /* MessageViewController.h */,
				F8E9687818C709CB00B9384B /* MessageViewController.m */,
				F8E9687A18C70AAD00B9384B /* ToolsViewController.h */,
				F8E9687B18C70AAD00B9384B /* ToolsViewController.m */,
				F8E9687D18C70B0700B9384B /* CalendarViewController.h */,
				F8E9687E18C70B0700B9384B /* CalendarViewController.m */,
				F8E9688018C70B5700B9384B /* PersonViewController.h */,
				F8E9688118C70B5700B9384B /* PersonViewController.m */,
			);
			name = ViewController;
			sourceTree = "<group>";
		};
		F80B0D5818742830003E72DC /* TestCode */ = {
			isa = PBXGroup;
			children = (
				F80B0D41187426F2003E72DC /* TestHttpTransfer.h */,
				F80B0D42187426F2003E72DC /* TestHttpTransfer.m */,
				F80B0D5A18744C17003E72DC /* TestUserSimpleLogic.h */,
				F80B0D5B18744C17003E72DC /* TestUserSimpleLogic.m */,
				F80B0D5D187452A0003E72DC /* TestMessageLogic.h */,
				F80B0D5E187452A0003E72DC /* TestMessageLogic.m */,
				F8FC7F4718751A0800842DC5 /* TestRelationship.h */,
				F8FC7F4818751A0800842DC5 /* TestRelationship.m */,
			);
			name = TestCode;
			sourceTree = "<group>";
		};
		F84B7D6118BB3C6A007FC2D5 /* XMPPFramework */ = {
			isa = PBXGroup;
			children = (
				F84B7E0518BB6A9A007FC2D5 /* Sample_XMPPFramework.h */,
				F84B7D6218BB3C8C007FC2D5 /* Authentication */,
				F84B7D7918BB3C8C007FC2D5 /* Categories */,
				F84B7D8018BB3C8C007FC2D5 /* Core */,
				F84B7D9418BB3C8C007FC2D5 /* Utilities */,
				F84B7DA118BB3C8C007FC2D5 /* Vendor */,
			);
			name = XMPPFramework;
			sourceTree = "<group>";
		};
		F84B7D6218BB3C8C007FC2D5 /* Authentication */ = {
			isa = PBXGroup;
			children = (
				F84B7D6318BB3C8C007FC2D5 /* Anonymous */,
				F84B7D6618BB3C8C007FC2D5 /* Deprecated-Digest */,
				F84B7D6918BB3C8C007FC2D5 /* Deprecated-Plain */,
				F84B7D6C18BB3C8C007FC2D5 /* Digest-MD5 */,
				F84B7D6F18BB3C8C007FC2D5 /* Plain */,
				F84B7D7218BB3C8C007FC2D5 /* X-Facebook-Platform */,
				F84B7D7518BB3C8C007FC2D5 /* X-OAuth2-Google */,
				F84B7D7818BB3C8C007FC2D5 /* XMPPSASLAuthentication.h */,
			);
			path = Authentication;
			sourceTree = "<group>";
		};
		F84B7D6318BB3C8C007FC2D5 /* Anonymous */ = {
			isa = PBXGroup;
			children = (
				F84B7D6418BB3C8C007FC2D5 /* XMPPAnonymousAuthentication.h */,
				F84B7D6518BB3C8C007FC2D5 /* XMPPAnonymousAuthentication.m */,
			);
			path = Anonymous;
			sourceTree = "<group>";
		};
		F84B7D6618BB3C8C007FC2D5 /* Deprecated-Digest */ = {
			isa = PBXGroup;
			children = (
				F84B7D6718BB3C8C007FC2D5 /* XMPPDeprecatedDigestAuthentication.h */,
				F84B7D6818BB3C8C007FC2D5 /* XMPPDeprecatedDigestAuthentication.m */,
			);
			path = "Deprecated-Digest";
			sourceTree = "<group>";
		};
		F84B7D6918BB3C8C007FC2D5 /* Deprecated-Plain */ = {
			isa = PBXGroup;
			children = (
				F84B7D6A18BB3C8C007FC2D5 /* XMPPDeprecatedPlainAuthentication.h */,
				F84B7D6B18BB3C8C007FC2D5 /* XMPPDeprecatedPlainAuthentication.m */,
			);
			path = "Deprecated-Plain";
			sourceTree = "<group>";
		};
		F84B7D6C18BB3C8C007FC2D5 /* Digest-MD5 */ = {
			isa = PBXGroup;
			children = (
				F84B7D6D18BB3C8C007FC2D5 /* XMPPDigestMD5Authentication.h */,
				F84B7D6E18BB3C8C007FC2D5 /* XMPPDigestMD5Authentication.m */,
			);
			path = "Digest-MD5";
			sourceTree = "<group>";
		};
		F84B7D6F18BB3C8C007FC2D5 /* Plain */ = {
			isa = PBXGroup;
			children = (
				F84B7D7018BB3C8C007FC2D5 /* XMPPPlainAuthentication.h */,
				F84B7D7118BB3C8C007FC2D5 /* XMPPPlainAuthentication.m */,
			);
			path = Plain;
			sourceTree = "<group>";
		};
		F84B7D7218BB3C8C007FC2D5 /* X-Facebook-Platform */ = {
			isa = PBXGroup;
			children = (
				F84B7D7318BB3C8C007FC2D5 /* XMPPXFacebookPlatformAuthentication.h */,
				F84B7D7418BB3C8C007FC2D5 /* XMPPXFacebookPlatformAuthentication.m */,
			);
			path = "X-Facebook-Platform";
			sourceTree = "<group>";
		};
		F84B7D7518BB3C8C007FC2D5 /* X-OAuth2-Google */ = {
			isa = PBXGroup;
			children = (
				F84B7D7618BB3C8C007FC2D5 /* XMPPXOAuth2Google.h */,
				F84B7D7718BB3C8C007FC2D5 /* XMPPXOAuth2Google.m */,
			);
			path = "X-OAuth2-Google";
			sourceTree = "<group>";
		};
		F84B7D7918BB3C8C007FC2D5 /* Categories */ = {
			isa = PBXGroup;
			children = (
				F84B7D7A18BB3C8C007FC2D5 /* NSData+XMPP.h */,
				F84B7D7B18BB3C8C007FC2D5 /* NSData+XMPP.m */,
				F84B7D7C18BB3C8C007FC2D5 /* NSNumber+XMPP.h */,
				F84B7D7D18BB3C8C007FC2D5 /* NSNumber+XMPP.m */,
				F84B7D7E18BB3C8C007FC2D5 /* NSXMLElement+XMPP.h */,
				F84B7D7F18BB3C8C007FC2D5 /* NSXMLElement+XMPP.m */,
			);
			path = Categories;
			sourceTree = "<group>";
		};
		F84B7D8018BB3C8C007FC2D5 /* Core */ = {
			isa = PBXGroup;
			children = (
				F84B7D8118BB3C8C007FC2D5 /* XMPP.h */,
				F84B7D8218BB3C8C007FC2D5 /* XMPPElement.h */,
				F84B7D8318BB3C8C007FC2D5 /* XMPPElement.m */,
				F84B7D8418BB3C8C007FC2D5 /* XMPPInternal.h */,
				F84B7D8518BB3C8C007FC2D5 /* XMPPIQ.h */,
				F84B7D8618BB3C8C007FC2D5 /* XMPPIQ.m */,
				F84B7D8718BB3C8C007FC2D5 /* XMPPJID.h */,
				F84B7D8818BB3C8C007FC2D5 /* XMPPJID.m */,
				F84B7D8918BB3C8C007FC2D5 /* XMPPLogging.h */,
				F84B7D8A18BB3C8C007FC2D5 /* XMPPMessage.h */,
				F84B7D8B18BB3C8C007FC2D5 /* XMPPMessage.m */,
				F84B7D8C18BB3C8C007FC2D5 /* XMPPModule.h */,
				F84B7D8D18BB3C8C007FC2D5 /* XMPPModule.m */,
				F84B7D8E18BB3C8C007FC2D5 /* XMPPParser.h */,
				F84B7D8F18BB3C8C007FC2D5 /* XMPPParser.m */,
				F84B7D9018BB3C8C007FC2D5 /* XMPPPresence.h */,
				F84B7D9118BB3C8C007FC2D5 /* XMPPPresence.m */,
				F84B7D9218BB3C8C007FC2D5 /* XMPPStream.h */,
				F84B7D9318BB3C8C007FC2D5 /* XMPPStream.m */,
			);
			path = Core;
			sourceTree = "<group>";
		};
		F84B7D9418BB3C8C007FC2D5 /* Utilities */ = {
			isa = PBXGroup;
			children = (
				F84B7D9518BB3C8C007FC2D5 /* DDList.h */,
				F84B7D9618BB3C8C007FC2D5 /* DDList.m */,
				F84B7D9718BB3C8C007FC2D5 /* GCDMulticastDelegate.h */,
				F84B7D9818BB3C8C007FC2D5 /* GCDMulticastDelegate.m */,
				F84B7D9918BB3C8C007FC2D5 /* RFImageToDataTransformer.h */,
				F84B7D9A18BB3C8C007FC2D5 /* RFImageToDataTransformer.m */,
				F84B7D9B18BB3C8C007FC2D5 /* XMPPIDTracker.h */,
				F84B7D9C18BB3C8C007FC2D5 /* XMPPIDTracker.m */,
				F84B7D9D18BB3C8C007FC2D5 /* XMPPSRVResolver.h */,
				F84B7D9E18BB3C8C007FC2D5 /* XMPPSRVResolver.m */,
				F84B7D9F18BB3C8C007FC2D5 /* XMPPStringPrep.h */,
				F84B7DA018BB3C8C007FC2D5 /* XMPPStringPrep.m */,
			);
			path = Utilities;
			sourceTree = "<group>";
		};
		F84B7DA118BB3C8C007FC2D5 /* Vendor */ = {
			isa = PBXGroup;
			children = (
				F84B7DFE18BB6942007FC2D5 /* libidn */,
				F84B7DA218BB3C8C007FC2D5 /* CocoaAsyncSocket */,
				F84B7DA518BB3C8C007FC2D5 /* CocoaLumberjack */,
				F84B7DB618BB3C8C007FC2D5 /* facebook-ios-sdk */,
				F84B7DB718BB3C8C007FC2D5 /* KissXML */,
			);
			path = Vendor;
			sourceTree = "<group>";
		};
		F84B7DA218BB3C8C007FC2D5 /* CocoaAsyncSocket */ = {
			isa = PBXGroup;
			children = (
				F84B7DA318BB3C8C007FC2D5 /* GCDAsyncSocket.h */,
				F84B7DA418BB3C8C007FC2D5 /* GCDAsyncSocket.m */,
			);
			path = CocoaAsyncSocket;
			sourceTree = "<group>";
		};
		F84B7DA518BB3C8C007FC2D5 /* CocoaLumberjack */ = {
			isa = PBXGroup;
			children = (
				F84B7DA618BB3C8C007FC2D5 /* DDAbstractDatabaseLogger.h */,
				F84B7DA718BB3C8C007FC2D5 /* DDAbstractDatabaseLogger.m */,
				F84B7DA818BB3C8C007FC2D5 /* DDASLLogger.h */,
				F84B7DA918BB3C8C007FC2D5 /* DDASLLogger.m */,
				F84B7DAA18BB3C8C007FC2D5 /* DDFileLogger.h */,
				F84B7DAB18BB3C8C007FC2D5 /* DDFileLogger.m */,
				F84B7DAC18BB3C8C007FC2D5 /* DDLog.h */,
				F84B7DAD18BB3C8C007FC2D5 /* DDLog.m */,
				F84B7DAE18BB3C8C007FC2D5 /* DDTTYLogger.h */,
				F84B7DAF18BB3C8C007FC2D5 /* DDTTYLogger.m */,
				F84B7DB018BB3C8C007FC2D5 /* Extensions */,
			);
			path = CocoaLumberjack;
			sourceTree = "<group>";
		};
		F84B7DB018BB3C8C007FC2D5 /* Extensions */ = {
			isa = PBXGroup;
			children = (
				F84B7DB118BB3C8C007FC2D5 /* ContextFilterLogFormatter.h */,
				F84B7DB218BB3C8C007FC2D5 /* ContextFilterLogFormatter.m */,
				F84B7DB318BB3C8C007FC2D5 /* DispatchQueueLogFormatter.h */,
				F84B7DB418BB3C8C007FC2D5 /* DispatchQueueLogFormatter.m */,
				F84B7DB518BB3C8C007FC2D5 /* README.txt */,
			);
			path = Extensions;
			sourceTree = "<group>";
		};
		F84B7DB618BB3C8C007FC2D5 /* facebook-ios-sdk */ = {
			isa = PBXGroup;
			children = (
			);
			path = "facebook-ios-sdk";
			sourceTree = "<group>";
		};
		F84B7DB718BB3C8C007FC2D5 /* KissXML */ = {
			isa = PBXGroup;
			children = (
				F84B7DB818BB3C8D007FC2D5 /* Categories */,
				F84B7DBB18BB3C8D007FC2D5 /* DDXML.h */,
				F84B7DBC18BB3C8D007FC2D5 /* DDXMLDocument.h */,
				F84B7DBD18BB3C8D007FC2D5 /* DDXMLDocument.m */,
				F84B7DBE18BB3C8D007FC2D5 /* DDXMLElement.h */,
				F84B7DBF18BB3C8D007FC2D5 /* DDXMLElement.m */,
				F84B7DC018BB3C8D007FC2D5 /* DDXMLNode.h */,
				F84B7DC118BB3C8D007FC2D5 /* DDXMLNode.m */,
				F84B7DC218BB3C8D007FC2D5 /* Private */,
			);
			path = KissXML;
			sourceTree = "<group>";
		};
		F84B7DB818BB3C8D007FC2D5 /* Categories */ = {
			isa = PBXGroup;
			children = (
				F84B7DB918BB3C8D007FC2D5 /* NSString+DDXML.h */,
				F84B7DBA18BB3C8D007FC2D5 /* NSString+DDXML.m */,
			);
			path = Categories;
			sourceTree = "<group>";
		};
		F84B7DC218BB3C8D007FC2D5 /* Private */ = {
			isa = PBXGroup;
			children = (
				F84B7DC318BB3C8D007FC2D5 /* DDXMLPrivate.h */,
			);
			path = Private;
			sourceTree = "<group>";
		};
		F84B7DF618BB3F50007FC2D5 /* http */ = {
			isa = PBXGroup;
			children = (
				F80B0D31187426F2003E72DC /* HttpData.h */,
				F80B0D32187426F2003E72DC /* HttpData.m */,
				F80B0D33187426F2003E72DC /* HttpTransfer.h */,
				F80B0D34187426F2003E72DC /* HttpTransfer.m */,
			);
			name = http;
			sourceTree = "<group>";
		};
		F84B7DF718BB3F5E007FC2D5 /* xmpp */ = {
			isa = PBXGroup;
			children = (
				F84B7DF818BB3F81007FC2D5 /* XmppConnector.h */,
				F84B7DF918BB3F81007FC2D5 /* XmppConnector.m */,
			);
			name = xmpp;
			sourceTree = "<group>";
		};
		F84B7DFB18BB43AB007FC2D5 /* conf */ = {
			isa = PBXGroup;
			children = (
				F84B7DFC18BB43EB007FC2D5 /* xmppserver.plist */,
			);
			name = conf;
			sourceTree = "<group>";
		};
		F84B7DFE18BB6942007FC2D5 /* libidn */ = {
			isa = PBXGroup;
			children = (
				F84B7DFF18BB6942007FC2D5 /* build-libidn.sh */,
				F84B7E0018BB6942007FC2D5 /* idn-int.h */,
				F84B7E0118BB6942007FC2D5 /* libidn.a */,
				F84B7E0218BB6942007FC2D5 /* stringprep.h */,
			);
			path = libidn;
			sourceTree = "<group>";
		};
		F88BCB2E18BB7A4100407521 /* data */ = {
			isa = PBXGroup;
			children = (
				F88BCB2F18BB7A6400407521 /* DBController.h */,
				F88BCB3018BB7A6400407521 /* DBController.m */,
			);
			name = data;
			sourceTree = "<group>";
		};
		F88F986E18C17C41009CE742 /* resources */ = {
			isa = PBXGroup;
			children = (
				F8E9686E18C6DCA600B9384B /* textfield */,
				F8E9686B18C6DB4B00B9384B /* button */,
				F88F990C18C365BB009CE742 /* btmbar */,
				F88F987918C18600009CE742 /* topbar */,
			);
			name = resources;
			sourceTree = "<group>";
		};
		F88F987918C18600009CE742 /* topbar */ = {
			isa = PBXGroup;
			children = (
				F8E9685C18C5F96C00B9384B /* topbar0.png */,
				F8E9685D18C5F96C00B9384B /* topbar1.png */,
				F8E9685E18C5F96C00B9384B /* topbar2.png */,
			);
			name = topbar;
			sourceTree = "<group>";
		};
		F88F989018C1E838009CE742 /* UI */ = {
			isa = PBXGroup;
			children = (
				F8E9687318C7053200B9384B /* function */,
				F88F989118C1E86C009CE742 /* component */,
				F88F986E18C17C41009CE742 /* resources */,
				F80B0D5718742814003E72DC /* ViewController */,
			);
			name = UI;
			sourceTree = "<group>";
		};
		F88F989118C1E86C009CE742 /* component */ = {
			isa = PBXGroup;
			children = (
				F88F989218C1E910009CE742 /* BtmToolBar.h */,
				F88F989318C1E910009CE742 /* BtmToolBar.m */,
				F8E9686218C5F9B800B9384B /* TopToolBar.h */,
				F8E9686318C5F9B800B9384B /* TopToolBar.m */,
				F8E9686518C5FBBC00B9384B /* TestView.h */,
				F8E9686618C5FBBC00B9384B /* TestView.m */,
			);
			name = component;
			sourceTree = "<group>";
		};
		F88F990C18C365BB009CE742 /* btmbar */ = {
			isa = PBXGroup;
			children = (
				F8550EFA18C4C251005E51FE /* p_btm1.png */,
				F8550EFB18C4C251005E51FE /* p_btm2.png */,
				F8550EFC18C4C251005E51FE /* p_btm3.png */,
				F8550EFD18C4C251005E51FE /* p_btm5.png */,
				F8550EFE18C4C251005E51FE /* p_btm4.png */,
			);
			name = btmbar;
			sourceTree = "<group>";
		};
		F8E9686B18C6DB4B00B9384B /* button */ = {
			isa = PBXGroup;
			children = (
				F8E9686C18C6DB6A00B9384B /* loginbutton0.png */,
			);
			name = button;
			sourceTree = "<group>";
		};
		F8E9686E18C6DCA600B9384B /* textfield */ = {
			isa = PBXGroup;
			children = (
				F8E9687118C6DE4F00B9384B /* password.png */,
				F8E9686F18C6DCB500B9384B /* email.png */,
			);
			name = textfield;
			sourceTree = "<group>";
		};
		F8E9687318C7053200B9384B /* function */ = {
			isa = PBXGroup;
			children = (
				F8E9687418C7055E00B9384B /* UIFunctions.h */,
				F8E9687518C7055E00B9384B /* UIFunctions.m */,
			);
			name = function;
			sourceTree = "<group>";
		};
/* End PBXGroup section */

/* Begin PBXNativeTarget section */
		F80B0CF31874269D003E72DC /* HITRenIOSClient */ = {
			isa = PBXNativeTarget;
			buildConfigurationList = F80B0D291874269D003E72DC /* Build configuration list for PBXNativeTarget "HITRenIOSClient" */;
			buildPhases = (
				F80B0CF01874269D003E72DC /* Sources */,
				F80B0CF11874269D003E72DC /* Frameworks */,
				F80B0CF21874269D003E72DC /* Resources */,
				F80B0D5918742918003E72DC /* ShellScript */,
			);
			buildRules = (
			);
			dependencies = (
			);
			name = HITRenIOSClient;
			productName = HITRenIOSClient;
			productReference = F80B0CF41874269D003E72DC /* HITRenIOSClient.app */;
			productType = "com.apple.product-type.application";
		};
		F80B0D171874269D003E72DC /* HITRenIOSClientTests */ = {
			isa = PBXNativeTarget;
			buildConfigurationList = F80B0D2C1874269D003E72DC /* Build configuration list for PBXNativeTarget "HITRenIOSClientTests" */;
			buildPhases = (
				F80B0D141874269D003E72DC /* Sources */,
				F80B0D151874269D003E72DC /* Frameworks */,
				F80B0D161874269D003E72DC /* Resources */,
			);
			buildRules = (
			);
			dependencies = (
				F80B0D1E1874269D003E72DC /* PBXTargetDependency */,
			);
			name = HITRenIOSClientTests;
			productName = HITRenIOSClientTests;
			productReference = F80B0D181874269D003E72DC /* HITRenIOSClientTests.xctest */;
			productType = "com.apple.product-type.bundle.unit-test";
		};
/* End PBXNativeTarget section */

/* Begin PBXProject section */
		F80B0CEC1874269D003E72DC /* Project object */ = {
			isa = PBXProject;
			attributes = {
				LastUpgradeCheck = 0500;
				ORGANIZATIONNAME = wubincen;
				TargetAttributes = {
					F80B0D171874269D003E72DC = {
						TestTargetID = F80B0CF31874269D003E72DC;
					};
				};
			};
			buildConfigurationList = F80B0CEF1874269D003E72DC /* Build configuration list for PBXProject "HITRenIOSClient" */;
			compatibilityVersion = "Xcode 3.2";
			developmentRegion = English;
			hasScannedForEncodings = 0;
			knownRegions = (
				en,
				Base,
			);
			mainGroup = F80B0CEB1874269D003E72DC;
			productRefGroup = F80B0CF51874269D003E72DC /* Products */;
			projectDirPath = "";
			projectRoot = "";
			targets = (
				F80B0CF31874269D003E72DC /* HITRenIOSClient */,
				F80B0D171874269D003E72DC /* HITRenIOSClientTests */,
			);
		};
/* End PBXProject section */

/* Begin PBXResourcesBuildPhase section */
		F80B0CF21874269D003E72DC /* Resources */ = {
			isa = PBXResourcesBuildPhase;
			buildActionMask = 2147483647;
			files = (
				F8E9687218C6DE4F00B9384B /* password.png in Resources */,
				F84B7E0318BB6942007FC2D5 /* build-libidn.sh in Resources */,
				F80B0D0E1874269D003E72DC /* Main_iPad.storyboard in Resources */,
				F8550F0018C4C251005E51FE /* p_btm2.png in Resources */,
				F8E9685F18C5F96C00B9384B /* topbar0.png in Resources */,
				F8550F0318C4C251005E51FE /* p_btm4.png in Resources */,
				F80B0D131874269D003E72DC /* Images.xcassets in Resources */,
				F80B0D0B1874269D003E72DC /* Main_iPhone.storyboard in Resources */,
				F8E9687018C6DCB500B9384B /* email.png in Resources */,
				F8E9686018C5F96C00B9384B /* topbar1.png in Resources */,
				F8E9686D18C6DB6A00B9384B /* loginbutton0.png in Resources */,
				F80B0D021874269D003E72DC /* InfoPlist.strings in Resources */,
				F84B7DE918BB3C8D007FC2D5 /* README.txt in Resources */,
				F8550F0118C4C251005E51FE /* p_btm3.png in Resources */,
				F8E9686118C5F96C00B9384B /* topbar2.png in Resources */,
				F8550EFF18C4C251005E51FE /* p_btm1.png in Resources */,
				F84B7DFD18BB43EB007FC2D5 /* xmppserver.plist in Resources */,
				F8550F0218C4C251005E51FE /* p_btm5.png in Resources */,
			);
			runOnlyForDeploymentPostprocessing = 0;
		};
		F80B0D161874269D003E72DC /* Resources */ = {
			isa = PBXResourcesBuildPhase;
			buildActionMask = 2147483647;
			files = (
				F80B0D241874269D003E72DC /* InfoPlist.strings in Resources */,
			);
			runOnlyForDeploymentPostprocessing = 0;
		};
/* End PBXResourcesBuildPhase section */

/* Begin PBXShellScriptBuildPhase section */
		F80B0D5918742918003E72DC /* ShellScript */ = {
			isa = PBXShellScriptBuildPhase;
			buildActionMask = 2147483647;
			files = (
			);
			inputPaths = (
			);
			outputPaths = (
			);
			runOnlyForDeploymentPostprocessing = 0;
			shellPath = /bin/sh;
			shellScript = "export CODESIGN_ALLOCATE=/Applications/Xcode.app/Contents/Developer/Platforms/iPhoneOS.platform/Developer/usr/bin/codesign_allocate\nif [ \"${PLATFORM_NAME}\" == \"iphoneos\" ] || [ \"${PLATFORM_NAME}\" == \"ipados\" ]; then\n/Applications/Xcode.app/Contents/Developer/iphoneentitlements/gen_entitlements.py \"my.company.${PROJECT_NAME}\" \"${BUILT_PRODUCTS_DIR}/${WRAPPER_NAME}/${PROJECT_NAME}.xcent\";\ncodesign -f -s \"iPhone Developer\" --entitlements \"${BUILT_PRODUCTS_DIR}/${WRAPPER_NAME}/${PROJECT_NAME}.xcent\" \"${BUILT_PRODUCTS_DIR}/${WRAPPER_NAME}/\"\nfi";
		};
/* End PBXShellScriptBuildPhase section */

/* Begin PBXSourcesBuildPhase section */
		F80B0CF01874269D003E72DC /* Sources */ = {
			isa = PBXSourcesBuildPhase;
			buildActionMask = 2147483647;
			files = (
				F8E9686418C5F9B800B9384B /* TopToolBar.m in Sources */,
				F88BCB3A18BC7C2800407521 /* LoginViewController.m in Sources */,
				F8E9686A18C5FC3900B9384B /* FreshNewsViewController.m in Sources */,
				F84B7DD518BB3C8D007FC2D5 /* XMPPJID.m in Sources */,
				F80B0D4F187426F2003E72DC /* Teacher.m in Sources */,
				F80B0D4E187426F2003E72DC /* Student.m in Sources */,
				F80B0D111874269D003E72DC /* ViewController.m in Sources */,
				F84B7DD118BB3C8D007FC2D5 /* NSNumber+XMPP.m in Sources */,
				F84B7DE818BB3C8D007FC2D5 /* DispatchQueueLogFormatter.m in Sources */,
				F80B0D081874269D003E72DC /* AppDelegate.m in Sources */,
				F80B0D4D187426F2003E72DC /* RelationshipLogic.m in Sources */,
				F84B7DC918BB3C8D007FC2D5 /* XMPPAnonymousAuthentication.m in Sources */,
				F84B7DE718BB3C8D007FC2D5 /* ContextFilterLogFormatter.m in Sources */,
				F80B0D041874269D003E72DC /* main.m in Sources */,
				F88BCB3118BB7A6400407521 /* DBController.m in Sources */,
				F80B0D4C187426F2003E72DC /* RelationShip.m in Sources */,
				F88BCB4218BC947F00407521 /* MainViewController.m in Sources */,
				F80B0D5C18744C17003E72DC /* TestUserSimpleLogic.m in Sources */,
				F84B7DE118BB3C8D007FC2D5 /* GCDAsyncSocket.m in Sources */,
				F84B7DEB18BB3C8D007FC2D5 /* DDXMLDocument.m in Sources */,
				F80B0D50187426F2003E72DC /* TestHttpTransfer.m in Sources */,
				F84B7DE518BB3C8D007FC2D5 /* DDLog.m in Sources */,
				F84B7DDD18BB3C8D007FC2D5 /* RFImageToDataTransformer.m in Sources */,
				F8E9688218C70B5700B9384B /* PersonViewController.m in Sources */,
				F84B7DE318BB3C8D007FC2D5 /* DDASLLogger.m in Sources */,
				F88BCB3718BC79EA00407521 /* RootViewController.m in Sources */,
				F84B7DE218BB3C8D007FC2D5 /* DDAbstractDatabaseLogger.m in Sources */,
				F80B0D51187426F2003E72DC /* User.m in Sources */,
				F84B7DD418BB3C8D007FC2D5 /* XMPPIQ.m in Sources */,
				F84B7DEC18BB3C8D007FC2D5 /* DDXMLElement.m in Sources */,
				F84B7DCD18BB3C8D007FC2D5 /* XMPPPlainAuthentication.m in Sources */,
				F84B7DCE18BB3C8D007FC2D5 /* XMPPXFacebookPlatformAuthentication.m in Sources */,
				F88F989418C1E910009CE742 /* BtmToolBar.m in Sources */,
				F84B7DD018BB3C8D007FC2D5 /* NSData+XMPP.m in Sources */,
				F84B7DD318BB3C8D007FC2D5 /* XMPPElement.m in Sources */,
				F84B7DED18BB3C8D007FC2D5 /* DDXMLNode.m in Sources */,
				F84B7DD618BB3C8D007FC2D5 /* XMPPMessage.m in Sources */,
				F80B0D47187426F2003E72DC /* BaseLogic.m in Sources */,
				F84B7DCB18BB3C8D007FC2D5 /* XMPPDeprecatedPlainAuthentication.m in Sources */,
				F84B7DE418BB3C8D007FC2D5 /* DDFileLogger.m in Sources */,
				F84B7DDB18BB3C8D007FC2D5 /* DDList.m in Sources */,
				F84B7DCC18BB3C8D007FC2D5 /* XMPPDigestMD5Authentication.m in Sources */,
				F8E9687918C709CB00B9384B /* MessageViewController.m in Sources */,
				F84B7DDE18BB3C8D007FC2D5 /* XMPPIDTracker.m in Sources */,
				F8FC7F4918751A0800842DC5 /* TestRelationship.m in Sources */,
				F84B7DDC18BB3C8D007FC2D5 /* GCDMulticastDelegate.m in Sources */,
				F80B0D4B187426F2003E72DC /* MessageLogic.m in Sources */,
				F84B7DE618BB3C8D007FC2D5 /* DDTTYLogger.m in Sources */,
				F84B7DD718BB3C8D007FC2D5 /* XMPPModule.m in Sources */,
				F8E9687C18C70AAD00B9384B /* ToolsViewController.m in Sources */,
				F8E9686718C5FBBC00B9384B /* TestView.m in Sources */,
				F84B7DD818BB3C8D007FC2D5 /* XMPPParser.m in Sources */,
				F8E9687F18C70B0700B9384B /* CalendarViewController.m in Sources */,
				F80B0D4A187426F2003E72DC /* LogKit.m in Sources */,
				F84B7DFA18BB3F81007FC2D5 /* XmppConnector.m in Sources */,
				F84B7DEA18BB3C8D007FC2D5 /* NSString+DDXML.m in Sources */,
				F80B0D52187426F2003E72DC /* UserSimpleLogic.m in Sources */,
				F84B7DDA18BB3C8D007FC2D5 /* XMPPStream.m in Sources */,
				F84B7DD218BB3C8D007FC2D5 /* NSXMLElement+XMPP.m in Sources */,
				F84B7DD918BB3C8D007FC2D5 /* XMPPPresence.m in Sources */,
				F80B0D5F187452A0003E72DC /* TestMessageLogic.m in Sources */,
				F84B7DDF18BB3C8D007FC2D5 /* XMPPSRVResolver.m in Sources */,
				F84B7DCA18BB3C8D007FC2D5 /* XMPPDeprecatedDigestAuthentication.m in Sources */,
				F84B7DCF18BB3C8D007FC2D5 /* XMPPXOAuth2Google.m in Sources */,
				F80B0D49187426F2003E72DC /* HttpTransfer.m in Sources */,
				F84B7DE018BB3C8D007FC2D5 /* XMPPStringPrep.m in Sources */,
				F80B0D48187426F2003E72DC /* HttpData.m in Sources */,
				F8E9687618C7055E00B9384B /* UIFunctions.m in Sources */,
			);
			runOnlyForDeploymentPostprocessing = 0;
		};
		F80B0D141874269D003E72DC /* Sources */ = {
			isa = PBXSourcesBuildPhase;
			buildActionMask = 2147483647;
			files = (
				F80B0D261874269D003E72DC /* HITRenIOSClientTests.m in Sources */,
			);
			runOnlyForDeploymentPostprocessing = 0;
		};
/* End PBXSourcesBuildPhase section */

/* Begin PBXTargetDependency section */
		F80B0D1E1874269D003E72DC /* PBXTargetDependency */ = {
			isa = PBXTargetDependency;
			target = F80B0CF31874269D003E72DC /* HITRenIOSClient */;
			targetProxy = F80B0D1D1874269D003E72DC /* PBXContainerItemProxy */;
		};
/* End PBXTargetDependency section */

/* Begin PBXVariantGroup section */
		F80B0D001874269D003E72DC /* InfoPlist.strings */ = {
			isa = PBXVariantGroup;
			children = (
				F80B0D011874269D003E72DC /* en */,
			);
			name = InfoPlist.strings;
			sourceTree = "<group>";
		};
		F80B0D091874269D003E72DC /* Main_iPhone.storyboard */ = {
			isa = PBXVariantGroup;
			children = (
				F80B0D0A1874269D003E72DC /* Base */,
			);
			name = Main_iPhone.storyboard;
			sourceTree = "<group>";
		};
		F80B0D0C1874269D003E72DC /* Main_iPad.storyboard */ = {
			isa = PBXVariantGroup;
			children = (
				F80B0D0D1874269D003E72DC /* Base */,
			);
			name = Main_iPad.storyboard;
			sourceTree = "<group>";
		};
		F80B0D221874269D003E72DC /* InfoPlist.strings */ = {
			isa = PBXVariantGroup;
			children = (
				F80B0D231874269D003E72DC /* en */,
			);
			name = InfoPlist.strings;
			sourceTree = "<group>";
		};
/* End PBXVariantGroup section */

/* Begin XCBuildConfiguration section */
		F80B0D271874269D003E72DC /* Debug */ = {
			isa = XCBuildConfiguration;
			buildSettings = {
				ALWAYS_SEARCH_USER_PATHS = NO;
				ARCHS = "$(ARCHS_STANDARD_INCLUDING_64_BIT)";
				CLANG_CXX_LANGUAGE_STANDARD = "gnu++0x";
				CLANG_CXX_LIBRARY = "libc++";
				CLANG_ENABLE_MODULES = YES;
				CLANG_ENABLE_OBJC_ARC = YES;
				CLANG_WARN_BOOL_CONVERSION = YES;
				CLANG_WARN_CONSTANT_CONVERSION = YES;
				CLANG_WARN_DIRECT_OBJC_ISA_USAGE = YES_ERROR;
				CLANG_WARN_EMPTY_BODY = YES;
				CLANG_WARN_ENUM_CONVERSION = YES;
				CLANG_WARN_INT_CONVERSION = YES;
				CLANG_WARN_OBJC_ROOT_CLASS = YES_ERROR;
				CLANG_WARN__DUPLICATE_METHOD_MATCH = YES;
				"CODE_SIGN_IDENTITY[sdk=iphoneos*]" = "";
				COPY_PHASE_STRIP = NO;
				GCC_C_LANGUAGE_STANDARD = gnu99;
				GCC_DYNAMIC_NO_PIC = NO;
				GCC_OPTIMIZATION_LEVEL = 0;
				GCC_PREPROCESSOR_DEFINITIONS = (
					"DEBUG=1",
					"$(inherited)",
				);
				GCC_SYMBOLS_PRIVATE_EXTERN = NO;
				GCC_WARN_64_TO_32_BIT_CONVERSION = YES;
				GCC_WARN_ABOUT_RETURN_TYPE = YES_ERROR;
				GCC_WARN_UNDECLARED_SELECTOR = YES;
				GCC_WARN_UNINITIALIZED_AUTOS = YES;
				GCC_WARN_UNUSED_FUNCTION = YES;
				GCC_WARN_UNUSED_VARIABLE = YES;
				HEADER_SEARCH_PATHS = (
					"$(inherited)",
					/Applications/Xcode.app/Contents/Developer/Toolchains/XcodeDefault.xctoolchain/usr/include,
					"$(SDKROOT)/usr/include/libxml2",
				);
				IPHONEOS_DEPLOYMENT_TARGET = 6.0;
				ONLY_ACTIVE_ARCH = YES;
				SDKROOT = iphoneos;
				TARGETED_DEVICE_FAMILY = "1,2";
			};
			name = Debug;
		};
		F80B0D281874269D003E72DC /* Release */ = {
			isa = XCBuildConfiguration;
			buildSettings = {
				ALWAYS_SEARCH_USER_PATHS = NO;
				ARCHS = "$(ARCHS_STANDARD_INCLUDING_64_BIT)";
				CLANG_CXX_LANGUAGE_STANDARD = "gnu++0x";
				CLANG_CXX_LIBRARY = "libc++";
				CLANG_ENABLE_MODULES = YES;
				CLANG_ENABLE_OBJC_ARC = YES;
				CLANG_WARN_BOOL_CONVERSION = YES;
				CLANG_WARN_CONSTANT_CONVERSION = YES;
				CLANG_WARN_DIRECT_OBJC_ISA_USAGE = YES_ERROR;
				CLANG_WARN_EMPTY_BODY = YES;
				CLANG_WARN_ENUM_CONVERSION = YES;
				CLANG_WARN_INT_CONVERSION = YES;
				CLANG_WARN_OBJC_ROOT_CLASS = YES_ERROR;
				CLANG_WARN__DUPLICATE_METHOD_MATCH = YES;
				"CODE_SIGN_IDENTITY[sdk=iphoneos*]" = "";
				COPY_PHASE_STRIP = YES;
				ENABLE_NS_ASSERTIONS = NO;
				GCC_C_LANGUAGE_STANDARD = gnu99;
				GCC_WARN_64_TO_32_BIT_CONVERSION = YES;
				GCC_WARN_ABOUT_RETURN_TYPE = YES_ERROR;
				GCC_WARN_UNDECLARED_SELECTOR = YES;
				GCC_WARN_UNINITIALIZED_AUTOS = YES;
				GCC_WARN_UNUSED_FUNCTION = YES;
				GCC_WARN_UNUSED_VARIABLE = YES;
				HEADER_SEARCH_PATHS = (
					"$(inherited)",
					/Applications/Xcode.app/Contents/Developer/Toolchains/XcodeDefault.xctoolchain/usr/include,
					"$(SDKROOT)/usr/include/libxml2",
				);
				IPHONEOS_DEPLOYMENT_TARGET = 6.0;
				SDKROOT = iphoneos;
				TARGETED_DEVICE_FAMILY = "1,2";
				VALIDATE_PRODUCT = YES;
			};
			name = Release;
		};
		F80B0D2A1874269D003E72DC /* Debug */ = {
			isa = XCBuildConfiguration;
			buildSettings = {
				ASSETCATALOG_COMPILER_APPICON_NAME = AppIcon;
				ASSETCATALOG_COMPILER_LAUNCHIMAGE_NAME = LaunchImage;
				GCC_PRECOMPILE_PREFIX_HEADER = YES;
				GCC_PREFIX_HEADER = "HITRenIOSClient/HITRenIOSClient-Prefix.pch";
				INFOPLIST_FILE = "HITRenIOSClient/HITRenIOSClient-Info.plist";
				LIBRARY_SEARCH_PATHS = (
					"$(inherited)",
					/Users/cen5bin/project/HITRen/HITRenIOSClient/HITRenIOSClient/Vendor/libidn,
					/Users/cen5bin/code/xcode/Test12,
					"/Users/cen5bin/Downloads/XMPPFramework-master/Vendor/libidn",
				);
				PRODUCT_NAME = "$(TARGET_NAME)";
				WRAPPER_EXTENSION = app;
			};
			name = Debug;
		};
		F80B0D2B1874269D003E72DC /* Release */ = {
			isa = XCBuildConfiguration;
			buildSettings = {
				ASSETCATALOG_COMPILER_APPICON_NAME = AppIcon;
				ASSETCATALOG_COMPILER_LAUNCHIMAGE_NAME = LaunchImage;
				GCC_PRECOMPILE_PREFIX_HEADER = YES;
				GCC_PREFIX_HEADER = "HITRenIOSClient/HITRenIOSClient-Prefix.pch";
				INFOPLIST_FILE = "HITRenIOSClient/HITRenIOSClient-Info.plist";
				LIBRARY_SEARCH_PATHS = (
					"$(inherited)",
					/Users/cen5bin/project/HITRen/HITRenIOSClient/HITRenIOSClient/Vendor/libidn,
					/Users/cen5bin/code/xcode/Test12,
					"/Users/cen5bin/Downloads/XMPPFramework-master/Vendor/libidn",
				);
				PRODUCT_NAME = "$(TARGET_NAME)";
				WRAPPER_EXTENSION = app;
			};
			name = Release;
		};
		F80B0D2D1874269D003E72DC /* Debug */ = {
			isa = XCBuildConfiguration;
			buildSettings = {
				ARCHS = "$(ARCHS_STANDARD_INCLUDING_64_BIT)";
				BUNDLE_LOADER = "$(BUILT_PRODUCTS_DIR)/HITRenIOSClient.app/HITRenIOSClient";
				FRAMEWORK_SEARCH_PATHS = (
					"$(SDKROOT)/Developer/Library/Frameworks",
					"$(inherited)",
					"$(DEVELOPER_FRAMEWORKS_DIR)",
				);
				GCC_PRECOMPILE_PREFIX_HEADER = YES;
				GCC_PREFIX_HEADER = "HITRenIOSClient/HITRenIOSClient-Prefix.pch";
				GCC_PREPROCESSOR_DEFINITIONS = (
					"DEBUG=1",
					"$(inherited)",
				);
				INFOPLIST_FILE = "HITRenIOSClientTests/HITRenIOSClientTests-Info.plist";
				PRODUCT_NAME = "$(TARGET_NAME)";
				TEST_HOST = "$(BUNDLE_LOADER)";
				WRAPPER_EXTENSION = xctest;
			};
			name = Debug;
		};
		F80B0D2E1874269D003E72DC /* Release */ = {
			isa = XCBuildConfiguration;
			buildSettings = {
				ARCHS = "$(ARCHS_STANDARD_INCLUDING_64_BIT)";
				BUNDLE_LOADER = "$(BUILT_PRODUCTS_DIR)/HITRenIOSClient.app/HITRenIOSClient";
				FRAMEWORK_SEARCH_PATHS = (
					"$(SDKROOT)/Developer/Library/Frameworks",
					"$(inherited)",
					"$(DEVELOPER_FRAMEWORKS_DIR)",
				);
				GCC_PRECOMPILE_PREFIX_HEADER = YES;
				GCC_PREFIX_HEADER = "HITRenIOSClient/HITRenIOSClient-Prefix.pch";
				INFOPLIST_FILE = "HITRenIOSClientTests/HITRenIOSClientTests-Info.plist";
				PRODUCT_NAME = "$(TARGET_NAME)";
				TEST_HOST = "$(BUNDLE_LOADER)";
				WRAPPER_EXTENSION = xctest;
			};
			name = Release;
		};
/* End XCBuildConfiguration section */

/* Begin XCConfigurationList section */
		F80B0CEF1874269D003E72DC /* Build configuration list for PBXProject "HITRenIOSClient" */ = {
			isa = XCConfigurationList;
			buildConfigurations = (
				F80B0D271874269D003E72DC /* Debug */,
				F80B0D281874269D003E72DC /* Release */,
			);
			defaultConfigurationIsVisible = 0;
			defaultConfigurationName = Release;
		};
		F80B0D291874269D003E72DC /* Build configuration list for PBXNativeTarget "HITRenIOSClient" */ = {
			isa = XCConfigurationList;
			buildConfigurations = (
				F80B0D2A1874269D003E72DC /* Debug */,
				F80B0D2B1874269D003E72DC /* Release */,
			);
			defaultConfigurationIsVisible = 0;
			defaultConfigurationName = Release;
		};
		F80B0D2C1874269D003E72DC /* Build configuration list for PBXNativeTarget "HITRenIOSClientTests" */ = {
			isa = XCConfigurationList;
			buildConfigurations = (
				F80B0D2D1874269D003E72DC /* Debug */,
				F80B0D2E1874269D003E72DC /* Release */,
			);
			defaultConfigurationIsVisible = 0;
			defaultConfigurationName = Release;
		};
/* End XCConfigurationList section */
	};
	rootObject = F80B0CEC1874269D003E72DC /* Project object */;
}
